// !$*UTF8*$!
{
	archiveVersion = 1;
	classes = {
	};
	objectVersion = 46;
	objects = {

/* Begin PBXBuildFile section */
		3606573B1F590DB500B6C2D6 /* OrderDrugVC.swift in Sources */ = {isa = PBXBuildFile; fileRef = 3606573A1F590DB500B6C2D6 /* OrderDrugVC.swift */; };
		3606573D1F590E7700B6C2D6 /* DrugNetworking.swift in Sources */ = {isa = PBXBuildFile; fileRef = 3606573C1F590E7700B6C2D6 /* DrugNetworking.swift */; };
		3606573F1F59103B00B6C2D6 /* OrderNetworking.swift in Sources */ = {isa = PBXBuildFile; fileRef = 3606573E1F59103B00B6C2D6 /* OrderNetworking.swift */; };
		360657521F59391500B6C2D6 /* DrugObject.swift in Sources */ = {isa = PBXBuildFile; fileRef = 360657511F59391500B6C2D6 /* DrugObject.swift */; };
		360657541F593AC300B6C2D6 /* DrugsService.swift in Sources */ = {isa = PBXBuildFile; fileRef = 360657531F593AC300B6C2D6 /* DrugsService.swift */; };
		360657561F593B8300B6C2D6 /* OrderService.swift in Sources */ = {isa = PBXBuildFile; fileRef = 360657551F593B8300B6C2D6 /* OrderService.swift */; };
		360657581F5A742400B6C2D6 /* OrderObject.swift in Sources */ = {isa = PBXBuildFile; fileRef = 360657571F5A742400B6C2D6 /* OrderObject.swift */; };
		360AFCF71F616D7E001CBB57 /* CheckOutVC.swift in Sources */ = {isa = PBXBuildFile; fileRef = 360AFCF61F616D7E001CBB57 /* CheckOutVC.swift */; };
		360AFCFF1F616E7F001CBB57 /* OrderDrugsCell.swift in Sources */ = {isa = PBXBuildFile; fileRef = 360AFCFD1F616E7F001CBB57 /* OrderDrugsCell.swift */; };
		360AFD001F616E7F001CBB57 /* OrderDrugsCell.xib in Resources */ = {isa = PBXBuildFile; fileRef = 360AFCFE1F616E7F001CBB57 /* OrderDrugsCell.xib */; };
		3614F1601F6555FF00861CBC /* OrderHistoryVC.swift in Sources */ = {isa = PBXBuildFile; fileRef = 3614F15F1F6555FF00861CBC /* OrderHistoryVC.swift */; };
		3614F1641F65594F00861CBC /* OrderHistoryCells.swift in Sources */ = {isa = PBXBuildFile; fileRef = 3614F1621F65594F00861CBC /* OrderHistoryCells.swift */; };
		3614F1651F65594F00861CBC /* OrderHistoryCells.xib in Resources */ = {isa = PBXBuildFile; fileRef = 3614F1631F65594F00861CBC /* OrderHistoryCells.xib */; };
		3678D89B1F6627E900825990 /* DetailsOrderHistoryVC.swift in Sources */ = {isa = PBXBuildFile; fileRef = 3678D89A1F6627E900825990 /* DetailsOrderHistoryVC.swift */; };
		3678D89F1F662CCE00825990 /* DetailOrderHistoryCells.swift in Sources */ = {isa = PBXBuildFile; fileRef = 3678D89D1F662CCE00825990 /* DetailOrderHistoryCells.swift */; };
		3678D8A01F662CCE00825990 /* DetailOrderHistoryCells.xib in Resources */ = {isa = PBXBuildFile; fileRef = 3678D89E1F662CCE00825990 /* DetailOrderHistoryCells.xib */; };
		36802D871F695B6200E00ACB /* PrescriptionVC.swift in Sources */ = {isa = PBXBuildFile; fileRef = 36802D861F695B6200E00ACB /* PrescriptionVC.swift */; };
		36802D8B1F695BB400E00ACB /* PrescriptionCell.swift in Sources */ = {isa = PBXBuildFile; fileRef = 36802D891F695BB400E00ACB /* PrescriptionCell.swift */; };
		36802D8C1F695BB400E00ACB /* PrescriptionCell.xib in Resources */ = {isa = PBXBuildFile; fileRef = 36802D8A1F695BB400E00ACB /* PrescriptionCell.xib */; };
		36802D8E1F695E6E00E00ACB /* PrescriptionObject.swift in Sources */ = {isa = PBXBuildFile; fileRef = 36802D8D1F695E6E00E00ACB /* PrescriptionObject.swift */; };
		36802D901F69624800E00ACB /* PrescriptionManager.swift in Sources */ = {isa = PBXBuildFile; fileRef = 36802D8F1F69624800E00ACB /* PrescriptionManager.swift */; };
		36AE94821F4D4D3C00DA6AAA /* ChangePwVC.swift in Sources */ = {isa = PBXBuildFile; fileRef = 36AE94811F4D4D3C00DA6AAA /* ChangePwVC.swift */; };
		36AE94871F4D52CA00DA6AAA /* ChangeInfoVC.swift in Sources */ = {isa = PBXBuildFile; fileRef = 36AE94861F4D52CA00DA6AAA /* ChangeInfoVC.swift */; };
		36AE94891F4D719400DA6AAA /* UpdatePwService.swift in Sources */ = {isa = PBXBuildFile; fileRef = 36AE94881F4D719400DA6AAA /* UpdatePwService.swift */; };
		36AE948B1F4DBB3C00DA6AAA /* UpdateInfoService.swift in Sources */ = {isa = PBXBuildFile; fileRef = 36AE948A1F4DBB3C00DA6AAA /* UpdateInfoService.swift */; };
		36AE948E1F4FCDBC00DA6AAA /* GetInformationsVC.swift in Sources */ = {isa = PBXBuildFile; fileRef = 36AE948D1F4FCDBC00DA6AAA /* GetInformationsVC.swift */; };
		36AE94901F4FD0EE00DA6AAA /* GetInformationService.swift in Sources */ = {isa = PBXBuildFile; fileRef = 36AE948F1F4FD0EE00DA6AAA /* GetInformationService.swift */; };
		36CACDD61F5ECA1500CE5283 /* DrugCell.swift in Sources */ = {isa = PBXBuildFile; fileRef = 36CACDD41F5ECA1500CE5283 /* DrugCell.swift */; };
		36CACDD71F5ECA1500CE5283 /* DrugCell.xib in Resources */ = {isa = PBXBuildFile; fileRef = 36CACDD51F5ECA1500CE5283 /* DrugCell.xib */; };
		36E271DE1F4ADCD400EE3597 /* NetworkManager.swift in Sources */ = {isa = PBXBuildFile; fileRef = 36E271DD1F4ADCD400EE3597 /* NetworkManager.swift */; };
		36E271E11F4ADD3900EE3597 /* Utilities.swift in Sources */ = {isa = PBXBuildFile; fileRef = 36E271E01F4ADD3900EE3597 /* Utilities.swift */; };
		36E271E71F4AF94C00EE3597 /* UserNetworking.swift in Sources */ = {isa = PBXBuildFile; fileRef = 36E271E61F4AF94C00EE3597 /* UserNetworking.swift */; };
		36E48DC91F49D3BF0085A097 /* AppDelegate.swift in Sources */ = {isa = PBXBuildFile; fileRef = 36E48DC11F49D3BF0085A097 /* AppDelegate.swift */; };
		36E48DCA1F49D3BF0085A097 /* Assets.xcassets in Resources */ = {isa = PBXBuildFile; fileRef = 36E48DC31F49D3BF0085A097 /* Assets.xcassets */; };
		36E48DCB1F49D3BF0085A097 /* LaunchScreen.storyboard in Resources */ = {isa = PBXBuildFile; fileRef = 36E48DC51F49D3BF0085A097 /* LaunchScreen.storyboard */; };
		36E48DCC1F49D3BF0085A097 /* Main.storyboard in Resources */ = {isa = PBXBuildFile; fileRef = 36E48DC61F49D3BF0085A097 /* Main.storyboard */; };
		36E48DCF1F49D46C0085A097 /* Alamofire.framework in Frameworks */ = {isa = PBXBuildFile; fileRef = 36E48DCE1F49D46C0085A097 /* Alamofire.framework */; };
		36E48DD81F49D5B00085A097 /* ViewController.swift in Sources */ = {isa = PBXBuildFile; fileRef = 36E48DD71F49D5B00085A097 /* ViewController.swift */; };
		36E48DDA1F49DC1F0085A097 /* SignInUp.storyboard in Resources */ = {isa = PBXBuildFile; fileRef = 36E48DD91F49DC1F0085A097 /* SignInUp.storyboard */; };
		36E48DDC1F49DC420085A097 /* SignInVC.swift in Sources */ = {isa = PBXBuildFile; fileRef = 36E48DDB1F49DC420085A097 /* SignInVC.swift */; };
		36E48DDE1F49DC5B0085A097 /* SignUpVC.swift in Sources */ = {isa = PBXBuildFile; fileRef = 36E48DDD1F49DC5B0085A097 /* SignUpVC.swift */; };
		36E48DE11F49EC310085A097 /* UserObject.swift in Sources */ = {isa = PBXBuildFile; fileRef = 36E48DE01F49EC310085A097 /* UserObject.swift */; };
		36E48DE51F49EF170085A097 /* LauchVC.swift in Sources */ = {isa = PBXBuildFile; fileRef = 36E48DE41F49EF170085A097 /* LauchVC.swift */; };
		36E48DE91F49F2960085A097 /* UserManager.swift in Sources */ = {isa = PBXBuildFile; fileRef = 36E48DE81F49F2960085A097 /* UserManager.swift */; };
		36E48DEB1F49F5360085A097 /* SignIn_UpService.swift in Sources */ = {isa = PBXBuildFile; fileRef = 36E48DEA1F49F5360085A097 /* SignIn_UpService.swift */; };
		36E5F2111F6108B700BDCC9D /* DrugDetailDialog.storyboard in Resources */ = {isa = PBXBuildFile; fileRef = 36E5F2101F6108B700BDCC9D /* DrugDetailDialog.storyboard */; };
		36E5F2141F61090400BDCC9D /* DrugDialogVC.swift in Sources */ = {isa = PBXBuildFile; fileRef = 36E5F2131F61090400BDCC9D /* DrugDialogVC.swift */; };
		36E5F2161F6124DA00BDCC9D /* OrderManager.swift in Sources */ = {isa = PBXBuildFile; fileRef = 36E5F2151F6124DA00BDCC9D /* OrderManager.swift */; };
		5C34706F55A0C88B21ED4CB2 /* Pods_Pharmacy.framework in Frameworks */ = {isa = PBXBuildFile; fileRef = 9654EF3342A90AF53F0981E7 /* Pods_Pharmacy.framework */; };
/* End PBXBuildFile section */

/* Begin PBXFileReference section */
		053ABE32AC7E87B1E922A5B0 /* Pods-Pharmacy.debug.xcconfig */ = {isa = PBXFileReference; includeInIndex = 1; lastKnownFileType = text.xcconfig; name = "Pods-Pharmacy.debug.xcconfig"; path = "Pods/Target Support Files/Pods-Pharmacy/Pods-Pharmacy.debug.xcconfig"; sourceTree = "<group>"; };
		1E7969091787900FA307D817 /* Pods-Pharmacy.release.xcconfig */ = {isa = PBXFileReference; includeInIndex = 1; lastKnownFileType = text.xcconfig; name = "Pods-Pharmacy.release.xcconfig"; path = "Pods/Target Support Files/Pods-Pharmacy/Pods-Pharmacy.release.xcconfig"; sourceTree = "<group>"; };
		3606573A1F590DB500B6C2D6 /* OrderDrugVC.swift */ = {isa = PBXFileReference; fileEncoding = 4; lastKnownFileType = sourcecode.swift; path = OrderDrugVC.swift; sourceTree = "<group>"; };
		3606573C1F590E7700B6C2D6 /* DrugNetworking.swift */ = {isa = PBXFileReference; fileEncoding = 4; lastKnownFileType = sourcecode.swift; path = DrugNetworking.swift; sourceTree = "<group>"; };
		3606573E1F59103B00B6C2D6 /* OrderNetworking.swift */ = {isa = PBXFileReference; fileEncoding = 4; lastKnownFileType = sourcecode.swift; path = OrderNetworking.swift; sourceTree = "<group>"; };
		360657511F59391500B6C2D6 /* DrugObject.swift */ = {isa = PBXFileReference; fileEncoding = 4; lastKnownFileType = sourcecode.swift; path = DrugObject.swift; sourceTree = "<group>"; };
		360657531F593AC300B6C2D6 /* DrugsService.swift */ = {isa = PBXFileReference; fileEncoding = 4; lastKnownFileType = sourcecode.swift; path = DrugsService.swift; sourceTree = "<group>"; };
		360657551F593B8300B6C2D6 /* OrderService.swift */ = {isa = PBXFileReference; fileEncoding = 4; lastKnownFileType = sourcecode.swift; path = OrderService.swift; sourceTree = "<group>"; };
		360657571F5A742400B6C2D6 /* OrderObject.swift */ = {isa = PBXFileReference; fileEncoding = 4; lastKnownFileType = sourcecode.swift; path = OrderObject.swift; sourceTree = "<group>"; };
		360AFCF61F616D7E001CBB57 /* CheckOutVC.swift */ = {isa = PBXFileReference; fileEncoding = 4; lastKnownFileType = sourcecode.swift; path = CheckOutVC.swift; sourceTree = "<group>"; };
		360AFCFD1F616E7F001CBB57 /* OrderDrugsCell.swift */ = {isa = PBXFileReference; fileEncoding = 4; lastKnownFileType = sourcecode.swift; path = OrderDrugsCell.swift; sourceTree = "<group>"; };
		360AFCFE1F616E7F001CBB57 /* OrderDrugsCell.xib */ = {isa = PBXFileReference; fileEncoding = 4; lastKnownFileType = file.xib; path = OrderDrugsCell.xib; sourceTree = "<group>"; };
		3614F15F1F6555FF00861CBC /* OrderHistoryVC.swift */ = {isa = PBXFileReference; fileEncoding = 4; lastKnownFileType = sourcecode.swift; path = OrderHistoryVC.swift; sourceTree = "<group>"; };
		3614F1621F65594F00861CBC /* OrderHistoryCells.swift */ = {isa = PBXFileReference; fileEncoding = 4; lastKnownFileType = sourcecode.swift; path = OrderHistoryCells.swift; sourceTree = "<group>"; };
		3614F1631F65594F00861CBC /* OrderHistoryCells.xib */ = {isa = PBXFileReference; fileEncoding = 4; lastKnownFileType = file.xib; path = OrderHistoryCells.xib; sourceTree = "<group>"; };
		3678D89A1F6627E900825990 /* DetailsOrderHistoryVC.swift */ = {isa = PBXFileReference; fileEncoding = 4; lastKnownFileType = sourcecode.swift; path = DetailsOrderHistoryVC.swift; sourceTree = "<group>"; };
		3678D89D1F662CCE00825990 /* DetailOrderHistoryCells.swift */ = {isa = PBXFileReference; fileEncoding = 4; lastKnownFileType = sourcecode.swift; path = DetailOrderHistoryCells.swift; sourceTree = "<group>"; };
		3678D89E1F662CCE00825990 /* DetailOrderHistoryCells.xib */ = {isa = PBXFileReference; fileEncoding = 4; lastKnownFileType = file.xib; path = DetailOrderHistoryCells.xib; sourceTree = "<group>"; };
		36802D861F695B6200E00ACB /* PrescriptionVC.swift */ = {isa = PBXFileReference; fileEncoding = 4; lastKnownFileType = sourcecode.swift; path = PrescriptionVC.swift; sourceTree = "<group>"; };
		36802D891F695BB400E00ACB /* PrescriptionCell.swift */ = {isa = PBXFileReference; fileEncoding = 4; lastKnownFileType = sourcecode.swift; path = PrescriptionCell.swift; sourceTree = "<group>"; };
		36802D8A1F695BB400E00ACB /* PrescriptionCell.xib */ = {isa = PBXFileReference; fileEncoding = 4; lastKnownFileType = file.xib; path = PrescriptionCell.xib; sourceTree = "<group>"; };
		36802D8D1F695E6E00E00ACB /* PrescriptionObject.swift */ = {isa = PBXFileReference; fileEncoding = 4; lastKnownFileType = sourcecode.swift; path = PrescriptionObject.swift; sourceTree = "<group>"; };
		36802D8F1F69624800E00ACB /* PrescriptionManager.swift */ = {isa = PBXFileReference; fileEncoding = 4; lastKnownFileType = sourcecode.swift; path = PrescriptionManager.swift; sourceTree = "<group>"; };
		36AE94811F4D4D3C00DA6AAA /* ChangePwVC.swift */ = {isa = PBXFileReference; fileEncoding = 4; lastKnownFileType = sourcecode.swift; path = ChangePwVC.swift; sourceTree = "<group>"; };
		36AE94861F4D52CA00DA6AAA /* ChangeInfoVC.swift */ = {isa = PBXFileReference; fileEncoding = 4; lastKnownFileType = sourcecode.swift; path = ChangeInfoVC.swift; sourceTree = "<group>"; };
		36AE94881F4D719400DA6AAA /* UpdatePwService.swift */ = {isa = PBXFileReference; fileEncoding = 4; lastKnownFileType = sourcecode.swift; path = UpdatePwService.swift; sourceTree = "<group>"; };
		36AE948A1F4DBB3C00DA6AAA /* UpdateInfoService.swift */ = {isa = PBXFileReference; fileEncoding = 4; lastKnownFileType = sourcecode.swift; path = UpdateInfoService.swift; sourceTree = "<group>"; };
		36AE948D1F4FCDBC00DA6AAA /* GetInformationsVC.swift */ = {isa = PBXFileReference; fileEncoding = 4; lastKnownFileType = sourcecode.swift; path = GetInformationsVC.swift; sourceTree = "<group>"; };
		36AE948F1F4FD0EE00DA6AAA /* GetInformationService.swift */ = {isa = PBXFileReference; fileEncoding = 4; lastKnownFileType = sourcecode.swift; path = GetInformationService.swift; sourceTree = "<group>"; };
		36CACDD41F5ECA1500CE5283 /* DrugCell.swift */ = {isa = PBXFileReference; fileEncoding = 4; lastKnownFileType = sourcecode.swift; path = DrugCell.swift; sourceTree = "<group>"; };
		36CACDD51F5ECA1500CE5283 /* DrugCell.xib */ = {isa = PBXFileReference; fileEncoding = 4; lastKnownFileType = file.xib; path = DrugCell.xib; sourceTree = "<group>"; };
		36E271DD1F4ADCD400EE3597 /* NetworkManager.swift */ = {isa = PBXFileReference; fileEncoding = 4; lastKnownFileType = sourcecode.swift; path = NetworkManager.swift; sourceTree = "<group>"; };
		36E271E01F4ADD3900EE3597 /* Utilities.swift */ = {isa = PBXFileReference; fileEncoding = 4; lastKnownFileType = sourcecode.swift; path = Utilities.swift; sourceTree = "<group>"; };
		36E271E61F4AF94C00EE3597 /* UserNetworking.swift */ = {isa = PBXFileReference; fileEncoding = 4; lastKnownFileType = sourcecode.swift; path = UserNetworking.swift; sourceTree = "<group>"; };
		36E48DAA1F49D2DC0085A097 /* Pharmacy.app */ = {isa = PBXFileReference; explicitFileType = wrapper.application; includeInIndex = 0; path = Pharmacy.app; sourceTree = BUILT_PRODUCTS_DIR; };
		36E48DC11F49D3BF0085A097 /* AppDelegate.swift */ = {isa = PBXFileReference; fileEncoding = 4; lastKnownFileType = sourcecode.swift; path = AppDelegate.swift; sourceTree = "<group>"; };
		36E48DC31F49D3BF0085A097 /* Assets.xcassets */ = {isa = PBXFileReference; lastKnownFileType = folder.assetcatalog; path = Assets.xcassets; sourceTree = "<group>"; };
		36E48DC51F49D3BF0085A097 /* LaunchScreen.storyboard */ = {isa = PBXFileReference; fileEncoding = 4; lastKnownFileType = file.storyboard; path = LaunchScreen.storyboard; sourceTree = "<group>"; };
		36E48DC61F49D3BF0085A097 /* Main.storyboard */ = {isa = PBXFileReference; fileEncoding = 4; lastKnownFileType = file.storyboard; path = Main.storyboard; sourceTree = "<group>"; };
		36E48DC81F49D3BF0085A097 /* Info.plist */ = {isa = PBXFileReference; fileEncoding = 4; lastKnownFileType = text.plist.xml; path = Info.plist; sourceTree = "<group>"; };
		36E48DCE1F49D46C0085A097 /* Alamofire.framework */ = {isa = PBXFileReference; lastKnownFileType = wrapper.framework; name = Alamofire.framework; path = "../../Library/Developer/Xcode/DerivedData/Pharmacy-dzuhvatzdfrzkhfcbyqyqrsllicm/Build/Products/Debug-iphonesimulator/Alamofire/Alamofire.framework"; sourceTree = "<group>"; };
		36E48DD71F49D5B00085A097 /* ViewController.swift */ = {isa = PBXFileReference; fileEncoding = 4; lastKnownFileType = sourcecode.swift; path = ViewController.swift; sourceTree = "<group>"; };
		36E48DD91F49DC1F0085A097 /* SignInUp.storyboard */ = {isa = PBXFileReference; fileEncoding = 4; lastKnownFileType = file.storyboard; path = SignInUp.storyboard; sourceTree = "<group>"; };
		36E48DDB1F49DC420085A097 /* SignInVC.swift */ = {isa = PBXFileReference; fileEncoding = 4; lastKnownFileType = sourcecode.swift; path = SignInVC.swift; sourceTree = "<group>"; };
		36E48DDD1F49DC5B0085A097 /* SignUpVC.swift */ = {isa = PBXFileReference; fileEncoding = 4; lastKnownFileType = sourcecode.swift; path = SignUpVC.swift; sourceTree = "<group>"; };
		36E48DE01F49EC310085A097 /* UserObject.swift */ = {isa = PBXFileReference; fileEncoding = 4; lastKnownFileType = sourcecode.swift; path = UserObject.swift; sourceTree = "<group>"; };
		36E48DE41F49EF170085A097 /* LauchVC.swift */ = {isa = PBXFileReference; fileEncoding = 4; lastKnownFileType = sourcecode.swift; path = LauchVC.swift; sourceTree = "<group>"; };
		36E48DE81F49F2960085A097 /* UserManager.swift */ = {isa = PBXFileReference; fileEncoding = 4; lastKnownFileType = sourcecode.swift; path = UserManager.swift; sourceTree = "<group>"; };
		36E48DEA1F49F5360085A097 /* SignIn_UpService.swift */ = {isa = PBXFileReference; fileEncoding = 4; lastKnownFileType = sourcecode.swift; path = SignIn_UpService.swift; sourceTree = "<group>"; };
		36E5F2101F6108B700BDCC9D /* DrugDetailDialog.storyboard */ = {isa = PBXFileReference; fileEncoding = 4; lastKnownFileType = file.storyboard; path = DrugDetailDialog.storyboard; sourceTree = "<group>"; };
		36E5F2131F61090400BDCC9D /* DrugDialogVC.swift */ = {isa = PBXFileReference; fileEncoding = 4; lastKnownFileType = sourcecode.swift; path = DrugDialogVC.swift; sourceTree = "<group>"; };
		36E5F2151F6124DA00BDCC9D /* OrderManager.swift */ = {isa = PBXFileReference; fileEncoding = 4; lastKnownFileType = sourcecode.swift; path = OrderManager.swift; sourceTree = "<group>"; };
		9654EF3342A90AF53F0981E7 /* Pods_Pharmacy.framework */ = {isa = PBXFileReference; explicitFileType = wrapper.framework; includeInIndex = 0; path = Pods_Pharmacy.framework; sourceTree = BUILT_PRODUCTS_DIR; };
/* End PBXFileReference section */

/* Begin PBXFrameworksBuildPhase section */
		36E48DA71F49D2DC0085A097 /* Frameworks */ = {
			isa = PBXFrameworksBuildPhase;
			buildActionMask = 2147483647;
			files = (
				36E48DCF1F49D46C0085A097 /* Alamofire.framework in Frameworks */,
				5C34706F55A0C88B21ED4CB2 /* Pods_Pharmacy.framework in Frameworks */,
			);
			runOnlyForDeploymentPostprocessing = 0;
		};
/* End PBXFrameworksBuildPhase section */

/* Begin PBXGroup section */
		0C18B7B9ADC5238BEC42B164 /* Pods */ = {
			isa = PBXGroup;
			children = (
				053ABE32AC7E87B1E922A5B0 /* Pods-Pharmacy.debug.xcconfig */,
				1E7969091787900FA307D817 /* Pods-Pharmacy.release.xcconfig */,
			);
			name = Pods;
			sourceTree = "<group>";
		};
		360657391F590D9B00B6C2D6 /* Order drugs */ = {
			isa = PBXGroup;
			children = (
				360AFCF81F616E0F001CBB57 /* OrderDrugsCells */,
				36CACDD31F5ECA1500CE5283 /* DrugCells */,
				3606573A1F590DB500B6C2D6 /* OrderDrugVC.swift */,
				360AFCF61F616D7E001CBB57 /* CheckOutVC.swift */,
			);
			path = "Order drugs";
			sourceTree = "<group>";
		};
		360AFCF81F616E0F001CBB57 /* OrderDrugsCells */ = {
			isa = PBXGroup;
			children = (
				360AFCFD1F616E7F001CBB57 /* OrderDrugsCell.swift */,
				360AFCFE1F616E7F001CBB57 /* OrderDrugsCell.xib */,
			);
			path = OrderDrugsCells;
			sourceTree = "<group>";
		};
		3614F15E1F6555D900861CBC /* OrdersHistory */ = {
			isa = PBXGroup;
			children = (
				3678D8991F6627C200825990 /* DetailsOrderHistory */,
				3614F1611F65592900861CBC /* OrderHistoryCells */,
				3614F15F1F6555FF00861CBC /* OrderHistoryVC.swift */,
			);
			path = OrdersHistory;
			sourceTree = "<group>";
		};
		3614F1611F65592900861CBC /* OrderHistoryCells */ = {
			isa = PBXGroup;
			children = (
				3614F1621F65594F00861CBC /* OrderHistoryCells.swift */,
				3614F1631F65594F00861CBC /* OrderHistoryCells.xib */,
			);
			path = OrderHistoryCells;
			sourceTree = "<group>";
		};
		3678D8991F6627C200825990 /* DetailsOrderHistory */ = {
			isa = PBXGroup;
			children = (
				3678D89C1F662CB700825990 /* DetailOrderHistoryCells */,
				3678D89A1F6627E900825990 /* DetailsOrderHistoryVC.swift */,
			);
			path = DetailsOrderHistory;
			sourceTree = "<group>";
		};
		3678D89C1F662CB700825990 /* DetailOrderHistoryCells */ = {
			isa = PBXGroup;
			children = (
				3678D89D1F662CCE00825990 /* DetailOrderHistoryCells.swift */,
				3678D89E1F662CCE00825990 /* DetailOrderHistoryCells.xib */,
			);
			path = DetailOrderHistoryCells;
			sourceTree = "<group>";
		};
		36802D851F695AAC00E00ACB /* Prescriptions */ = {
			isa = PBXGroup;
			children = (
				36802D881F695B9A00E00ACB /* PrescriptionCells */,
				36802D861F695B6200E00ACB /* PrescriptionVC.swift */,
			);
			path = Prescriptions;
			sourceTree = "<group>";
		};
		36802D881F695B9A00E00ACB /* PrescriptionCells */ = {
			isa = PBXGroup;
			children = (
				36802D891F695BB400E00ACB /* PrescriptionCell.swift */,
				36802D8A1F695BB400E00ACB /* PrescriptionCell.xib */,
			);
			path = PrescriptionCells;
			sourceTree = "<group>";
		};
		36AE94801F4D4D2500DA6AAA /* ChangePassword */ = {
			isa = PBXGroup;
			children = (
				36AE94811F4D4D3C00DA6AAA /* ChangePwVC.swift */,
			);
			path = ChangePassword;
			sourceTree = "<group>";
		};
		36AE94831F4D52A300DA6AAA /* ChangeInfo */ = {
			isa = PBXGroup;
			children = (
				36AE94861F4D52CA00DA6AAA /* ChangeInfoVC.swift */,
			);
			path = ChangeInfo;
			sourceTree = "<group>";
		};
		36AE948C1F4FCDA500DA6AAA /* Get Infomations */ = {
			isa = PBXGroup;
			children = (
				36AE948D1F4FCDBC00DA6AAA /* GetInformationsVC.swift */,
			);
			path = "Get Infomations";
			sourceTree = "<group>";
		};
		36CACDD31F5ECA1500CE5283 /* DrugCells */ = {
			isa = PBXGroup;
			children = (
				36E5F2121F6108F000BDCC9D /* DrugDialog */,
				36CACDD41F5ECA1500CE5283 /* DrugCell.swift */,
				36CACDD51F5ECA1500CE5283 /* DrugCell.xib */,
			);
			path = DrugCells;
			sourceTree = "<group>";
		};
		36E271DF1F4ADD2700EE3597 /* Utilities */ = {
			isa = PBXGroup;
			children = (
				36E271E01F4ADD3900EE3597 /* Utilities.swift */,
			);
			path = Utilities;
			sourceTree = "<group>";
		};
		36E271E51F4AF93600EE3597 /* Network */ = {
			isa = PBXGroup;
			children = (
				36E271E61F4AF94C00EE3597 /* UserNetworking.swift */,
				3606573C1F590E7700B6C2D6 /* DrugNetworking.swift */,
				3606573E1F59103B00B6C2D6 /* OrderNetworking.swift */,
			);
			path = Network;
			sourceTree = "<group>";
		};
		36E48DA11F49D2DC0085A097 = {
			isa = PBXGroup;
			children = (
				36E48DAC1F49D2DC0085A097 /* Pharmacy */,
				36E48DAB1F49D2DC0085A097 /* Products */,
				0C18B7B9ADC5238BEC42B164 /* Pods */,
				E2A5A75C6776ED6BF33E4024 /* Frameworks */,
			);
			sourceTree = "<group>";
		};
		36E48DAB1F49D2DC0085A097 /* Products */ = {
			isa = PBXGroup;
			children = (
				36E48DAA1F49D2DC0085A097 /* Pharmacy.app */,
			);
			name = Products;
			sourceTree = "<group>";
		};
		36E48DAC1F49D2DC0085A097 /* Pharmacy */ = {
			isa = PBXGroup;
			children = (
				36E48DBF1F49D3BF0085A097 /* Classes */,
				36E48DC21F49D3BF0085A097 /* Resources */,
				36E48DC41F49D3BF0085A097 /* Storyboards */,
				36E48DC71F49D3BF0085A097 /* Supporting Files */,
			);
			path = Pharmacy;
			sourceTree = "<group>";
		};
		36E48DBF1F49D3BF0085A097 /* Classes */ = {
			isa = PBXGroup;
			children = (
				36E271E51F4AF93600EE3597 /* Network */,
				36E271DF1F4ADD2700EE3597 /* Utilities */,
				36E48DE21F49EEEB0085A097 /* Services */,
				36E48DE31F49EEEB0085A097 /* Managers */,
				36E48DDF1F49EC200085A097 /* Models */,
				36E48DD31F49D59B0085A097 /* UI */,
				36E48DC01F49D3BF0085A097 /* App */,
			);
			path = Classes;
			sourceTree = "<group>";
		};
		36E48DC01F49D3BF0085A097 /* App */ = {
			isa = PBXGroup;
			children = (
				36E48DC11F49D3BF0085A097 /* AppDelegate.swift */,
				36E48DE41F49EF170085A097 /* LauchVC.swift */,
			);
			path = App;
			sourceTree = "<group>";
		};
		36E48DC21F49D3BF0085A097 /* Resources */ = {
			isa = PBXGroup;
			children = (
				36E48DC31F49D3BF0085A097 /* Assets.xcassets */,
			);
			path = Resources;
			sourceTree = "<group>";
		};
		36E48DC41F49D3BF0085A097 /* Storyboards */ = {
			isa = PBXGroup;
			children = (
				36E48DC51F49D3BF0085A097 /* LaunchScreen.storyboard */,
				36E48DC61F49D3BF0085A097 /* Main.storyboard */,
				36E48DD91F49DC1F0085A097 /* SignInUp.storyboard */,
				36E5F2101F6108B700BDCC9D /* DrugDetailDialog.storyboard */,
			);
			path = Storyboards;
			sourceTree = "<group>";
		};
		36E48DC71F49D3BF0085A097 /* Supporting Files */ = {
			isa = PBXGroup;
			children = (
				36E48DC81F49D3BF0085A097 /* Info.plist */,
			);
			path = "Supporting Files";
			sourceTree = "<group>";
		};
		36E48DD31F49D59B0085A097 /* UI */ = {
			isa = PBXGroup;
			children = (
				36802D851F695AAC00E00ACB /* Prescriptions */,
				3614F15E1F6555D900861CBC /* OrdersHistory */,
				360657391F590D9B00B6C2D6 /* Order drugs */,
				36AE948C1F4FCDA500DA6AAA /* Get Infomations */,
				36AE94831F4D52A300DA6AAA /* ChangeInfo */,
				36AE94801F4D4D2500DA6AAA /* ChangePassword */,
				36E48DD41F49D59B0085A097 /* Main */,
				36E48DD51F49D59B0085A097 /* SignIn */,
				36E48DD61F49D59B0085A097 /* SignUp */,
			);
			path = UI;
			sourceTree = "<group>";
		};
		36E48DD41F49D59B0085A097 /* Main */ = {
			isa = PBXGroup;
			children = (
				36E48DD71F49D5B00085A097 /* ViewController.swift */,
			);
			path = Main;
			sourceTree = "<group>";
		};
		36E48DD51F49D59B0085A097 /* SignIn */ = {
			isa = PBXGroup;
			children = (
				36E48DDB1F49DC420085A097 /* SignInVC.swift */,
			);
			path = SignIn;
			sourceTree = "<group>";
		};
		36E48DD61F49D59B0085A097 /* SignUp */ = {
			isa = PBXGroup;
			children = (
				36E48DDD1F49DC5B0085A097 /* SignUpVC.swift */,
			);
			path = SignUp;
			sourceTree = "<group>";
		};
		36E48DDF1F49EC200085A097 /* Models */ = {
			isa = PBXGroup;
			children = (
				36E48DE01F49EC310085A097 /* UserObject.swift */,
				360657511F59391500B6C2D6 /* DrugObject.swift */,
				360657571F5A742400B6C2D6 /* OrderObject.swift */,
				36802D8D1F695E6E00E00ACB /* PrescriptionObject.swift */,
			);
			path = Models;
			sourceTree = "<group>";
		};
		36E48DE21F49EEEB0085A097 /* Services */ = {
			isa = PBXGroup;
			children = (
				36E48DEA1F49F5360085A097 /* SignIn_UpService.swift */,
				36AE94881F4D719400DA6AAA /* UpdatePwService.swift */,
				36AE948A1F4DBB3C00DA6AAA /* UpdateInfoService.swift */,
				36AE948F1F4FD0EE00DA6AAA /* GetInformationService.swift */,
				360657531F593AC300B6C2D6 /* DrugsService.swift */,
				360657551F593B8300B6C2D6 /* OrderService.swift */,
			);
			path = Services;
			sourceTree = "<group>";
		};
		36E48DE31F49EEEB0085A097 /* Managers */ = {
			isa = PBXGroup;
			children = (
				36E48DE81F49F2960085A097 /* UserManager.swift */,
				36E271DD1F4ADCD400EE3597 /* NetworkManager.swift */,
				36E5F2151F6124DA00BDCC9D /* OrderManager.swift */,
				36802D8F1F69624800E00ACB /* PrescriptionManager.swift */,
			);
			path = Managers;
			sourceTree = "<group>";
		};
		36E5F2121F6108F000BDCC9D /* DrugDialog */ = {
			isa = PBXGroup;
			children = (
				36E5F2131F61090400BDCC9D /* DrugDialogVC.swift */,
			);
			path = DrugDialog;
			sourceTree = "<group>";
		};
		E2A5A75C6776ED6BF33E4024 /* Frameworks */ = {
			isa = PBXGroup;
			children = (
				36E48DCE1F49D46C0085A097 /* Alamofire.framework */,
				9654EF3342A90AF53F0981E7 /* Pods_Pharmacy.framework */,
			);
			name = Frameworks;
			sourceTree = "<group>";
		};
/* End PBXGroup section */

/* Begin PBXNativeTarget section */
		36E48DA91F49D2DC0085A097 /* Pharmacy */ = {
			isa = PBXNativeTarget;
			buildConfigurationList = 36E48DBC1F49D2DC0085A097 /* Build configuration list for PBXNativeTarget "Pharmacy" */;
			buildPhases = (
				D04C57AFBCD6C2079C2B7A72 /* [CP] Check Pods Manifest.lock */,
				36E48DA61F49D2DC0085A097 /* Sources */,
				36E48DA71F49D2DC0085A097 /* Frameworks */,
				36E48DA81F49D2DC0085A097 /* Resources */,
				09D7E769FE21530D81FDD280 /* [CP] Embed Pods Frameworks */,
				C63763E7C4F6331EF497F46F /* [CP] Copy Pods Resources */,
			);
			buildRules = (
			);
			dependencies = (
			);
			name = Pharmacy;
			productName = Pharmacy;
			productReference = 36E48DAA1F49D2DC0085A097 /* Pharmacy.app */;
			productType = "com.apple.product-type.application";
		};
/* End PBXNativeTarget section */

/* Begin PBXProject section */
		36E48DA21F49D2DC0085A097 /* Project object */ = {
			isa = PBXProject;
			attributes = {
				LastSwiftUpdateCheck = 0830;
				LastUpgradeCheck = 0830;
				ORGANIZATIONNAME = "Lê Anh Tuấn";
				TargetAttributes = {
					36E48DA91F49D2DC0085A097 = {
						CreatedOnToolsVersion = 8.3.3;
						DevelopmentTeam = VGQU7EVXZV;
						ProvisioningStyle = Automatic;
					};
				};
			};
			buildConfigurationList = 36E48DA51F49D2DC0085A097 /* Build configuration list for PBXProject "Pharmacy" */;
			compatibilityVersion = "Xcode 3.2";
			developmentRegion = English;
			hasScannedForEncodings = 0;
			knownRegions = (
				en,
				Base,
			);
			mainGroup = 36E48DA11F49D2DC0085A097;
			productRefGroup = 36E48DAB1F49D2DC0085A097 /* Products */;
			projectDirPath = "";
			projectRoot = "";
			targets = (
				36E48DA91F49D2DC0085A097 /* Pharmacy */,
			);
		};
/* End PBXProject section */

/* Begin PBXResourcesBuildPhase section */
		36E48DA81F49D2DC0085A097 /* Resources */ = {
			isa = PBXResourcesBuildPhase;
			buildActionMask = 2147483647;
			files = (
				36E48DCA1F49D3BF0085A097 /* Assets.xcassets in Resources */,
				36E48DCC1F49D3BF0085A097 /* Main.storyboard in Resources */,
				36E48DCB1F49D3BF0085A097 /* LaunchScreen.storyboard in Resources */,
				36802D8C1F695BB400E00ACB /* PrescriptionCell.xib in Resources */,
				36E48DDA1F49DC1F0085A097 /* SignInUp.storyboard in Resources */,
				3614F1651F65594F00861CBC /* OrderHistoryCells.xib in Resources */,
				360AFD001F616E7F001CBB57 /* OrderDrugsCell.xib in Resources */,
				3678D8A01F662CCE00825990 /* DetailOrderHistoryCells.xib in Resources */,
				36CACDD71F5ECA1500CE5283 /* DrugCell.xib in Resources */,
				36E5F2111F6108B700BDCC9D /* DrugDetailDialog.storyboard in Resources */,
			);
			runOnlyForDeploymentPostprocessing = 0;
		};
/* End PBXResourcesBuildPhase section */

/* Begin PBXShellScriptBuildPhase section */
		09D7E769FE21530D81FDD280 /* [CP] Embed Pods Frameworks */ = {
			isa = PBXShellScriptBuildPhase;
			buildActionMask = 2147483647;
			files = (
			);
			inputPaths = (
				"${SRCROOT}/Pods/Target Support Files/Pods-Pharmacy/Pods-Pharmacy-frameworks.sh",
				"${BUILT_PRODUCTS_DIR}/Alamofire/Alamofire.framework",
			);
			name = "[CP] Embed Pods Frameworks";
			outputPaths = (
				"${TARGET_BUILD_DIR}/${FRAMEWORKS_FOLDER_PATH}/Alamofire.framework",
			);
			runOnlyForDeploymentPostprocessing = 0;
			shellPath = /bin/sh;
			shellScript = "\"${SRCROOT}/Pods/Target Support Files/Pods-Pharmacy/Pods-Pharmacy-frameworks.sh\"\n";
			showEnvVarsInLog = 0;
		};
		C63763E7C4F6331EF497F46F /* [CP] Copy Pods Resources */ = {
			isa = PBXShellScriptBuildPhase;
			buildActionMask = 2147483647;
			files = (
			);
			inputPaths = (
			);
			name = "[CP] Copy Pods Resources";
			outputPaths = (
			);
			runOnlyForDeploymentPostprocessing = 0;
			shellPath = /bin/sh;
			shellScript = "\"${SRCROOT}/Pods/Target Support Files/Pods-Pharmacy/Pods-Pharmacy-resources.sh\"\n";
			showEnvVarsInLog = 0;
		};
		D04C57AFBCD6C2079C2B7A72 /* [CP] Check Pods Manifest.lock */ = {
			isa = PBXShellScriptBuildPhase;
			buildActionMask = 2147483647;
			files = (
			);
			inputPaths = (
				"${PODS_PODFILE_DIR_PATH}/Podfile.lock",
				"${PODS_ROOT}/Manifest.lock",
			);
			name = "[CP] Check Pods Manifest.lock";
			outputPaths = (
				"$(DERIVED_FILE_DIR)/Pods-Pharmacy-checkManifestLockResult.txt",
			);
			runOnlyForDeploymentPostprocessing = 0;
			shellPath = /bin/sh;
			shellScript = "diff \"${PODS_PODFILE_DIR_PATH}/Podfile.lock\" \"${PODS_ROOT}/Manifest.lock\" > /dev/null\nif [ $? != 0 ] ; then\n    # print error to STDERR\n    echo \"error: The sandbox is not in sync with the Podfile.lock. Run 'pod install' or update your CocoaPods installation.\" >&2\n    exit 1\nfi\n# This output is used by Xcode 'outputs' to avoid re-running this script phase.\necho \"SUCCESS\" > \"${SCRIPT_OUTPUT_FILE_0}\"\n";
			showEnvVarsInLog = 0;
		};
/* End PBXShellScriptBuildPhase section */

/* Begin PBXSourcesBuildPhase section */
		36E48DA61F49D2DC0085A097 /* Sources */ = {
			isa = PBXSourcesBuildPhase;
			buildActionMask = 2147483647;
			files = (
				3614F1601F6555FF00861CBC /* OrderHistoryVC.swift in Sources */,
				36802D901F69624800E00ACB /* PrescriptionManager.swift in Sources */,
				36E5F2141F61090400BDCC9D /* DrugDialogVC.swift in Sources */,
				36E48DDE1F49DC5B0085A097 /* SignUpVC.swift in Sources */,
				3678D89B1F6627E900825990 /* DetailsOrderHistoryVC.swift in Sources */,
				360AFCF71F616D7E001CBB57 /* CheckOutVC.swift in Sources */,
				36AE94891F4D719400DA6AAA /* UpdatePwService.swift in Sources */,
				36AE948B1F4DBB3C00DA6AAA /* UpdateInfoService.swift in Sources */,
				36E48DD81F49D5B00085A097 /* ViewController.swift in Sources */,
				3678D89F1F662CCE00825990 /* DetailOrderHistoryCells.swift in Sources */,
				36E271E11F4ADD3900EE3597 /* Utilities.swift in Sources */,
				36802D871F695B6200E00ACB /* PrescriptionVC.swift in Sources */,
				36AE94901F4FD0EE00DA6AAA /* GetInformationService.swift in Sources */,
				360657561F593B8300B6C2D6 /* OrderService.swift in Sources */,
				36E271DE1F4ADCD400EE3597 /* NetworkManager.swift in Sources */,
				360657541F593AC300B6C2D6 /* DrugsService.swift in Sources */,
				360657581F5A742400B6C2D6 /* OrderObject.swift in Sources */,
				36E48DE91F49F2960085A097 /* UserManager.swift in Sources */,
				36E48DDC1F49DC420085A097 /* SignInVC.swift in Sources */,
				36E48DE11F49EC310085A097 /* UserObject.swift in Sources */,
				36802D8B1F695BB400E00ACB /* PrescriptionCell.swift in Sources */,
				360657521F59391500B6C2D6 /* DrugObject.swift in Sources */,
				360AFCFF1F616E7F001CBB57 /* OrderDrugsCell.swift in Sources */,
				3606573B1F590DB500B6C2D6 /* OrderDrugVC.swift in Sources */,
				36CACDD61F5ECA1500CE5283 /* DrugCell.swift in Sources */,
				36E48DE51F49EF170085A097 /* LauchVC.swift in Sources */,
				3606573F1F59103B00B6C2D6 /* OrderNetworking.swift in Sources */,
				36E48DC91F49D3BF0085A097 /* AppDelegate.swift in Sources */,
				36AE94821F4D4D3C00DA6AAA /* ChangePwVC.swift in Sources */,
				36802D8E1F695E6E00E00ACB /* PrescriptionObject.swift in Sources */,
				36AE94871F4D52CA00DA6AAA /* ChangeInfoVC.swift in Sources */,
				36AE948E1F4FCDBC00DA6AAA /* GetInformationsVC.swift in Sources */,
				36E271E71F4AF94C00EE3597 /* UserNetworking.swift in Sources */,
				36E5F2161F6124DA00BDCC9D /* OrderManager.swift in Sources */,
				3606573D1F590E7700B6C2D6 /* DrugNetworking.swift in Sources */,
				36E48DEB1F49F5360085A097 /* SignIn_UpService.swift in Sources */,
				3614F1641F65594F00861CBC /* OrderHistoryCells.swift in Sources */,
			);
			runOnlyForDeploymentPostprocessing = 0;
		};
/* End PBXSourcesBuildPhase section */

/* Begin XCBuildConfiguration section */
		36E48DBA1F49D2DC0085A097 /* Debug */ = {
			isa = XCBuildConfiguration;
			buildSettings = {
				ALWAYS_SEARCH_USER_PATHS = NO;
				CLANG_ANALYZER_NONNULL = YES;
				CLANG_ANALYZER_NUMBER_OBJECT_CONVERSION = YES_AGGRESSIVE;
				CLANG_CXX_LANGUAGE_STANDARD = "gnu++0x";
				CLANG_CXX_LIBRARY = "libc++";
				CLANG_ENABLE_MODULES = YES;
				CLANG_ENABLE_OBJC_ARC = YES;
				CLANG_WARN_BOOL_CONVERSION = YES;
				CLANG_WARN_CONSTANT_CONVERSION = YES;
				CLANG_WARN_DIRECT_OBJC_ISA_USAGE = YES_ERROR;
				CLANG_WARN_DOCUMENTATION_COMMENTS = YES;
				CLANG_WARN_EMPTY_BODY = YES;
				CLANG_WARN_ENUM_CONVERSION = YES;
				CLANG_WARN_INFINITE_RECURSION = YES;
				CLANG_WARN_INT_CONVERSION = YES;
				CLANG_WARN_OBJC_ROOT_CLASS = YES_ERROR;
				CLANG_WARN_SUSPICIOUS_MOVE = YES;
				CLANG_WARN_UNREACHABLE_CODE = YES;
				CLANG_WARN__DUPLICATE_METHOD_MATCH = YES;
				"CODE_SIGN_IDENTITY[sdk=iphoneos*]" = "iPhone Developer";
				COPY_PHASE_STRIP = NO;
				DEBUG_INFORMATION_FORMAT = dwarf;
				ENABLE_STRICT_OBJC_MSGSEND = YES;
				ENABLE_TESTABILITY = YES;
				GCC_C_LANGUAGE_STANDARD = gnu99;
				GCC_DYNAMIC_NO_PIC = NO;
				GCC_NO_COMMON_BLOCKS = YES;
				GCC_OPTIMIZATION_LEVEL = 0;
				GCC_PREPROCESSOR_DEFINITIONS = (
					"DEBUG=1",
					"$(inherited)",
				);
				GCC_WARN_64_TO_32_BIT_CONVERSION = YES;
				GCC_WARN_ABOUT_RETURN_TYPE = YES_ERROR;
				GCC_WARN_UNDECLARED_SELECTOR = YES;
				GCC_WARN_UNINITIALIZED_AUTOS = YES_AGGRESSIVE;
				GCC_WARN_UNUSED_FUNCTION = YES;
				GCC_WARN_UNUSED_VARIABLE = YES;
				IPHONEOS_DEPLOYMENT_TARGET = 10.3;
				MTL_ENABLE_DEBUG_INFO = YES;
				ONLY_ACTIVE_ARCH = YES;
				SDKROOT = iphoneos;
				SWIFT_ACTIVE_COMPILATION_CONDITIONS = DEBUG;
				SWIFT_OPTIMIZATION_LEVEL = "-Onone";
				TARGETED_DEVICE_FAMILY = "1,2";
			};
			name = Debug;
		};
		36E48DBB1F49D2DC0085A097 /* Release */ = {
			isa = XCBuildConfiguration;
			buildSettings = {
				ALWAYS_SEARCH_USER_PATHS = NO;
				CLANG_ANALYZER_NONNULL = YES;
				CLANG_ANALYZER_NUMBER_OBJECT_CONVERSION = YES_AGGRESSIVE;
				CLANG_CXX_LANGUAGE_STANDARD = "gnu++0x";
				CLANG_CXX_LIBRARY = "libc++";
				CLANG_ENABLE_MODULES = YES;
				CLANG_ENABLE_OBJC_ARC = YES;
				CLANG_WARN_BOOL_CONVERSION = YES;
				CLANG_WARN_CONSTANT_CONVERSION = YES;
				CLANG_WARN_DIRECT_OBJC_ISA_USAGE = YES_ERROR;
				CLANG_WARN_DOCUMENTATION_COMMENTS = YES;
				CLANG_WARN_EMPTY_BODY = YES;
				CLANG_WARN_ENUM_CONVERSION = YES;
				CLANG_WARN_INFINITE_RECURSION = YES;
				CLANG_WARN_INT_CONVERSION = YES;
				CLANG_WARN_OBJC_ROOT_CLASS = YES_ERROR;
				CLANG_WARN_SUSPICIOUS_MOVE = YES;
				CLANG_WARN_UNREACHABLE_CODE = YES;
				CLANG_WARN__DUPLICATE_METHOD_MATCH = YES;
				"CODE_SIGN_IDENTITY[sdk=iphoneos*]" = "iPhone Developer";
				COPY_PHASE_STRIP = NO;
				DEBUG_INFORMATION_FORMAT = "dwarf-with-dsym";
				ENABLE_NS_ASSERTIONS = NO;
				ENABLE_STRICT_OBJC_MSGSEND = YES;
				GCC_C_LANGUAGE_STANDARD = gnu99;
				GCC_NO_COMMON_BLOCKS = YES;
				GCC_WARN_64_TO_32_BIT_CONVERSION = YES;
				GCC_WARN_ABOUT_RETURN_TYPE = YES_ERROR;
				GCC_WARN_UNDECLARED_SELECTOR = YES;
				GCC_WARN_UNINITIALIZED_AUTOS = YES_AGGRESSIVE;
				GCC_WARN_UNUSED_FUNCTION = YES;
				GCC_WARN_UNUSED_VARIABLE = YES;
				IPHONEOS_DEPLOYMENT_TARGET = 10.3;
				MTL_ENABLE_DEBUG_INFO = NO;
				SDKROOT = iphoneos;
				SWIFT_OPTIMIZATION_LEVEL = "-Owholemodule";
				TARGETED_DEVICE_FAMILY = "1,2";
				VALIDATE_PRODUCT = YES;
			};
			name = Release;
		};
		36E48DBD1F49D2DC0085A097 /* Debug */ = {
			isa = XCBuildConfiguration;
			baseConfigurationReference = 053ABE32AC7E87B1E922A5B0 /* Pods-Pharmacy.debug.xcconfig */;
			buildSettings = {
				ASSETCATALOG_COMPILER_APPICON_NAME = AppIcon;
				DEVELOPMENT_TEAM = VGQU7EVXZV;
				INFOPLIST_FILE = "$(SRCROOT)/Pharmacy/Supporting Files/Info.plist";
				LD_RUNPATH_SEARCH_PATHS = "$(inherited) @executable_path/Frameworks";
				PRODUCT_BUNDLE_IDENTIFIER = anhtuan.Pharmacy;
				PRODUCT_NAME = "$(TARGET_NAME)";
				SWIFT_VERSION = 3.0;
			};
			name = Debug;
		};
		36E48DBE1F49D2DC0085A097 /* Release */ = {
			isa = XCBuildConfiguration;
			baseConfigurationReference = 1E7969091787900FA307D817 /* Pods-Pharmacy.release.xcconfig */;
			buildSettings = {
				ASSETCATALOG_COMPILER_APPICON_NAME = AppIcon;
				DEVELOPMENT_TEAM = VGQU7EVXZV;
				INFOPLIST_FILE = "$(SRCROOT)/Pharmacy/Supporting Files/Info.plist";
				LD_RUNPATH_SEARCH_PATHS = "$(inherited) @executable_path/Frameworks";
				PRODUCT_BUNDLE_IDENTIFIER = anhtuan.Pharmacy;
				PRODUCT_NAME = "$(TARGET_NAME)";
				SWIFT_VERSION = 3.0;
			};
			name = Release;
		};
/* End XCBuildConfiguration section */

/* Begin XCConfigurationList section */
		36E48DA51F49D2DC0085A097 /* Build configuration list for PBXProject "Pharmacy" */ = {
			isa = XCConfigurationList;
			buildConfigurations = (
				36E48DBA1F49D2DC0085A097 /* Debug */,
				36E48DBB1F49D2DC0085A097 /* Release */,
			);
			defaultConfigurationIsVisible = 0;
			defaultConfigurationName = Release;
		};
		36E48DBC1F49D2DC0085A097 /* Build configuration list for PBXNativeTarget "Pharmacy" */ = {
			isa = XCConfigurationList;
			buildConfigurations = (
				36E48DBD1F49D2DC0085A097 /* Debug */,
				36E48DBE1F49D2DC0085A097 /* Release */,
			);
			defaultConfigurationIsVisible = 0;
			defaultConfigurationName = Release;
		};
/* End XCConfigurationList section */
	};
	rootObject = 36E48DA21F49D2DC0085A097 /* Project object */;
}
