// !$*UTF8*$!
{
	archiveVersion = 1;
	classes = {
	};
	objectVersion = 46;
	objects = {

/* Begin PBXBuildFile section */
		360601B51F6E9FFC00D2E630 /* Extensions+UIActivityIndicatorView.swift in Sources */ = {isa = PBXBuildFile; fileRef = 360601B41F6E9FFC00D2E630 /* Extensions+UIActivityIndicatorView.swift */; };
		3606209D1F6A610100741546 /* AddPrescriptionVC.swift in Sources */ = {isa = PBXBuildFile; fileRef = 3606209C1F6A610100741546 /* AddPrescriptionVC.swift */; };
		3606573D1F590E7700B6C2D6 /* DrugNetworking.swift in Sources */ = {isa = PBXBuildFile; fileRef = 3606573C1F590E7700B6C2D6 /* DrugNetworking.swift */; };
		3606573F1F59103B00B6C2D6 /* OrderNetworking.swift in Sources */ = {isa = PBXBuildFile; fileRef = 3606573E1F59103B00B6C2D6 /* OrderNetworking.swift */; };
		360657521F59391500B6C2D6 /* DrugObject.swift in Sources */ = {isa = PBXBuildFile; fileRef = 360657511F59391500B6C2D6 /* DrugObject.swift */; };
		360657541F593AC300B6C2D6 /* DrugsService.swift in Sources */ = {isa = PBXBuildFile; fileRef = 360657531F593AC300B6C2D6 /* DrugsService.swift */; };
		360657561F593B8300B6C2D6 /* OrderService.swift in Sources */ = {isa = PBXBuildFile; fileRef = 360657551F593B8300B6C2D6 /* OrderService.swift */; };
		360657581F5A742400B6C2D6 /* OrderObject.swift in Sources */ = {isa = PBXBuildFile; fileRef = 360657571F5A742400B6C2D6 /* OrderObject.swift */; };
		360FDCA11F6F688700E902D1 /* Extensions+NSError.swift in Sources */ = {isa = PBXBuildFile; fileRef = 360FDCA01F6F688700E902D1 /* Extensions+NSError.swift */; };
		360FDCA31F6F68AB00E902D1 /* Extensions+HTTPURLResponse.swift in Sources */ = {isa = PBXBuildFile; fileRef = 360FDCA21F6F68AB00E902D1 /* Extensions+HTTPURLResponse.swift */; };
		361304B51F6F5147008F0364 /* Extensions+Data.swift in Sources */ = {isa = PBXBuildFile; fileRef = 361304B41F6F5147008F0364 /* Extensions+Data.swift */; };
		361304B71F6F5313008F0364 /* Extensions+UIViewController.swift in Sources */ = {isa = PBXBuildFile; fileRef = 361304B61F6F5313008F0364 /* Extensions+UIViewController.swift */; };
		361304B91F6F535D008F0364 /* Extensions+UINavigationController.swift in Sources */ = {isa = PBXBuildFile; fileRef = 361304B81F6F535D008F0364 /* Extensions+UINavigationController.swift */; };
		361304BB1F6F577A008F0364 /* Extensions+String.swift in Sources */ = {isa = PBXBuildFile; fileRef = 361304BA1F6F577A008F0364 /* Extensions+String.swift */; };
		361304BD1F6F6556008F0364 /* Extensions+Date.swift in Sources */ = {isa = PBXBuildFile; fileRef = 361304BC1F6F6556008F0364 /* Extensions+Date.swift */; };
		3614F1601F6555FF00861CBC /* OrderHistoryVC.swift in Sources */ = {isa = PBXBuildFile; fileRef = 3614F15F1F6555FF00861CBC /* OrderHistoryVC.swift */; };
		3614F1641F65594F00861CBC /* OrderHistoryCells.swift in Sources */ = {isa = PBXBuildFile; fileRef = 3614F1621F65594F00861CBC /* OrderHistoryCells.swift */; };
		3614F1651F65594F00861CBC /* OrderHistoryCells.xib in Resources */ = {isa = PBXBuildFile; fileRef = 3614F1631F65594F00861CBC /* OrderHistoryCells.xib */; };
		3615B54D1F6E20CF00311059 /* OrderPrescriptionVC.swift in Sources */ = {isa = PBXBuildFile; fileRef = 3615B54C1F6E20CF00311059 /* OrderPrescriptionVC.swift */; };
		3615B5501F6E504700311059 /* DrugsOfOrderPrescriptionCell.swift in Sources */ = {isa = PBXBuildFile; fileRef = 3615B54E1F6E504700311059 /* DrugsOfOrderPrescriptionCell.swift */; };
		3623C51C1F70E33500DE016C /* SettingsVC.swift in Sources */ = {isa = PBXBuildFile; fileRef = 3623C51B1F70E33500DE016C /* SettingsVC.swift */; };
		3630307C1F70E7F4007CD711 /* SettingsCell.swift in Sources */ = {isa = PBXBuildFile; fileRef = 3630307A1F70E7F4007CD711 /* SettingsCell.swift */; };
		363030801F70EB08007CD711 /* SettingObject.swift in Sources */ = {isa = PBXBuildFile; fileRef = 3630307F1F70EB08007CD711 /* SettingObject.swift */; };
		363EC31F1F6F987700159A9C /* DrugsAdminVC.swift in Sources */ = {isa = PBXBuildFile; fileRef = 363EC31E1F6F987700159A9C /* DrugsAdminVC.swift */; };
		3678D89B1F6627E900825990 /* DetailsOrderHistoryVC.swift in Sources */ = {isa = PBXBuildFile; fileRef = 3678D89A1F6627E900825990 /* DetailsOrderHistoryVC.swift */; };
		3678D89F1F662CCE00825990 /* DetailOrderHistoryCells.swift in Sources */ = {isa = PBXBuildFile; fileRef = 3678D89D1F662CCE00825990 /* DetailOrderHistoryCells.swift */; };
		3678D8A01F662CCE00825990 /* DetailOrderHistoryCells.xib in Resources */ = {isa = PBXBuildFile; fileRef = 3678D89E1F662CCE00825990 /* DetailOrderHistoryCells.xib */; };
		367FC17D1F736CD600E7B5CD /* DrugOfNewPresciptionCell.swift in Sources */ = {isa = PBXBuildFile; fileRef = 367FC17B1F736CD600E7B5CD /* DrugOfNewPresciptionCell.swift */; };
		367FC17E1F736CD600E7B5CD /* DrugOfNewPresciptionCell.xib in Resources */ = {isa = PBXBuildFile; fileRef = 367FC17C1F736CD600E7B5CD /* DrugOfNewPresciptionCell.xib */; };
		367FC1801F73859600E7B5CD /* UserService.swift in Sources */ = {isa = PBXBuildFile; fileRef = 367FC17F1F73859600E7B5CD /* UserService.swift */; };
		36802D871F695B6200E00ACB /* PrescriptionVC.swift in Sources */ = {isa = PBXBuildFile; fileRef = 36802D861F695B6200E00ACB /* PrescriptionVC.swift */; };
		36802D8E1F695E6E00E00ACB /* PrescriptionObject.swift in Sources */ = {isa = PBXBuildFile; fileRef = 36802D8D1F695E6E00E00ACB /* PrescriptionObject.swift */; };
		36802D901F69624800E00ACB /* PrescriptionManager.swift in Sources */ = {isa = PBXBuildFile; fileRef = 36802D8F1F69624800E00ACB /* PrescriptionManager.swift */; };
		368303901F6CBF2A00F7DB70 /* SubmitPrescriptionCell.swift in Sources */ = {isa = PBXBuildFile; fileRef = 3683038E1F6CBF2A00F7DB70 /* SubmitPrescriptionCell.swift */; };
		368303931F6CC3CE00F7DB70 /* PrescriptionNetworking.swift in Sources */ = {isa = PBXBuildFile; fileRef = 368303921F6CC3CE00F7DB70 /* PrescriptionNetworking.swift */; };
		368303951F6CC4C900F7DB70 /* PrescriptionService.swift in Sources */ = {isa = PBXBuildFile; fileRef = 368303941F6CC4C900F7DB70 /* PrescriptionService.swift */; };
		368303BF1F6CDCAA00F7DB70 /* PendingPrescriptionCell.swift in Sources */ = {isa = PBXBuildFile; fileRef = 368303BD1F6CDCAA00F7DB70 /* PendingPrescriptionCell.swift */; };
		368303C61F6D0BF700F7DB70 /* RejectedPrescriptionCell.swift in Sources */ = {isa = PBXBuildFile; fileRef = 368303C41F6D0BF700F7DB70 /* RejectedPrescriptionCell.swift */; };
		368303CA1F6D0C0A00F7DB70 /* ApprovedPrescriptionCell.swift in Sources */ = {isa = PBXBuildFile; fileRef = 368303C81F6D0C0A00F7DB70 /* ApprovedPrescriptionCell.swift */; };
		3687D1E61F7186020012BA5E /* ApprovedPrescriptionCell.xib in Resources */ = {isa = PBXBuildFile; fileRef = 3687D1E41F7186020012BA5E /* ApprovedPrescriptionCell.xib */; };
		3687D1EE1F7186250012BA5E /* RejectedPrescriptionCell.xib in Resources */ = {isa = PBXBuildFile; fileRef = 3687D1EC1F7186250012BA5E /* RejectedPrescriptionCell.xib */; };
		3687D1F21F7186350012BA5E /* PendingPrescriptionCell.xib in Resources */ = {isa = PBXBuildFile; fileRef = 3687D1F01F7186350012BA5E /* PendingPrescriptionCell.xib */; };
		3687D1F61F7186430012BA5E /* SubmitPrescriptionCell.xib in Resources */ = {isa = PBXBuildFile; fileRef = 3687D1F41F7186430012BA5E /* SubmitPrescriptionCell.xib */; };
		3687D1FA1F71893B0012BA5E /* SettingsCell.xib in Resources */ = {isa = PBXBuildFile; fileRef = 3687D1F81F71893B0012BA5E /* SettingsCell.xib */; };
		3687D1FE1F718A100012BA5E /* DrugsOfOrderPrescriptionCell.xib in Resources */ = {isa = PBXBuildFile; fileRef = 3687D1FC1F718A100012BA5E /* DrugsOfOrderPrescriptionCell.xib */; };
		368F70981F718599006A9A63 /* DrugAdminCell.xib in Resources */ = {isa = PBXBuildFile; fileRef = 368F70961F718599006A9A63 /* DrugAdminCell.xib */; };
		368F709C1F7185AE006A9A63 /* PrescriptionsAdminCell.xib in Resources */ = {isa = PBXBuildFile; fileRef = 368F709A1F7185AE006A9A63 /* PrescriptionsAdminCell.xib */; };
		369849A71F6FF851007CE5CC /* PrescriptionAdminVC.swift in Sources */ = {isa = PBXBuildFile; fileRef = 369849A61F6FF851007CE5CC /* PrescriptionAdminVC.swift */; };
		369849AB1F700603007CE5CC /* DrugAdminCell.swift in Sources */ = {isa = PBXBuildFile; fileRef = 369849A91F700602007CE5CC /* DrugAdminCell.swift */; };
		369849B01F700875007CE5CC /* PrescriptionsAdminCell.swift in Sources */ = {isa = PBXBuildFile; fileRef = 369849AE1F700875007CE5CC /* PrescriptionsAdminCell.swift */; };
		369849B41F700940007CE5CC /* AddEditDrugAdminVC.swift in Sources */ = {isa = PBXBuildFile; fileRef = 369849B31F700940007CE5CC /* AddEditDrugAdminVC.swift */; };
		36AE94821F4D4D3C00DA6AAA /* ChangePwVC.swift in Sources */ = {isa = PBXBuildFile; fileRef = 36AE94811F4D4D3C00DA6AAA /* ChangePwVC.swift */; };
		36AE94871F4D52CA00DA6AAA /* ChangeInfoVC.swift in Sources */ = {isa = PBXBuildFile; fileRef = 36AE94861F4D52CA00DA6AAA /* ChangeInfoVC.swift */; };
		36AE948E1F4FCDBC00DA6AAA /* GetInformationsVC.swift in Sources */ = {isa = PBXBuildFile; fileRef = 36AE948D1F4FCDBC00DA6AAA /* GetInformationsVC.swift */; };
		36B2ECA41F717F790075F33F /* Admin.storyboard in Resources */ = {isa = PBXBuildFile; fileRef = 36B2ECA31F717F790075F33F /* Admin.storyboard */; };
		36E271DE1F4ADCD400EE3597 /* NetworkManager.swift in Sources */ = {isa = PBXBuildFile; fileRef = 36E271DD1F4ADCD400EE3597 /* NetworkManager.swift */; };
		36E271E11F4ADD3900EE3597 /* Utilities.swift in Sources */ = {isa = PBXBuildFile; fileRef = 36E271E01F4ADD3900EE3597 /* Utilities.swift */; };
		36E271E71F4AF94C00EE3597 /* UserNetworking.swift in Sources */ = {isa = PBXBuildFile; fileRef = 36E271E61F4AF94C00EE3597 /* UserNetworking.swift */; };
		36E48DC91F49D3BF0085A097 /* AppDelegate.swift in Sources */ = {isa = PBXBuildFile; fileRef = 36E48DC11F49D3BF0085A097 /* AppDelegate.swift */; };
		36E48DCA1F49D3BF0085A097 /* Assets.xcassets in Resources */ = {isa = PBXBuildFile; fileRef = 36E48DC31F49D3BF0085A097 /* Assets.xcassets */; };
		36E48DCB1F49D3BF0085A097 /* LaunchScreen.storyboard in Resources */ = {isa = PBXBuildFile; fileRef = 36E48DC51F49D3BF0085A097 /* LaunchScreen.storyboard */; };
		36E48DCC1F49D3BF0085A097 /* Main.storyboard in Resources */ = {isa = PBXBuildFile; fileRef = 36E48DC61F49D3BF0085A097 /* Main.storyboard */; };
		36E48DCF1F49D46C0085A097 /* Alamofire.framework in Frameworks */ = {isa = PBXBuildFile; fileRef = 36E48DCE1F49D46C0085A097 /* Alamofire.framework */; };
		36E48DDA1F49DC1F0085A097 /* SignInUp.storyboard in Resources */ = {isa = PBXBuildFile; fileRef = 36E48DD91F49DC1F0085A097 /* SignInUp.storyboard */; };
		36E48DDC1F49DC420085A097 /* SignInVC.swift in Sources */ = {isa = PBXBuildFile; fileRef = 36E48DDB1F49DC420085A097 /* SignInVC.swift */; };
		36E48DDE1F49DC5B0085A097 /* SignUpVC.swift in Sources */ = {isa = PBXBuildFile; fileRef = 36E48DDD1F49DC5B0085A097 /* SignUpVC.swift */; };
		36E48DE11F49EC310085A097 /* UserObject.swift in Sources */ = {isa = PBXBuildFile; fileRef = 36E48DE01F49EC310085A097 /* UserObject.swift */; };
		36E48DE51F49EF170085A097 /* LauchVC.swift in Sources */ = {isa = PBXBuildFile; fileRef = 36E48DE41F49EF170085A097 /* LauchVC.swift */; };
		36E48DE91F49F2960085A097 /* UserManager.swift in Sources */ = {isa = PBXBuildFile; fileRef = 36E48DE81F49F2960085A097 /* UserManager.swift */; };
		36E5F2161F6124DA00BDCC9D /* OrderManager.swift in Sources */ = {isa = PBXBuildFile; fileRef = 36E5F2151F6124DA00BDCC9D /* OrderManager.swift */; };
		5C34706F55A0C88B21ED4CB2 /* Pods_Pharmacy.framework in Frameworks */ = {isa = PBXBuildFile; fileRef = 9654EF3342A90AF53F0981E7 /* Pods_Pharmacy.framework */; };
/* End PBXBuildFile section */

/* Begin PBXFileReference section */
		053ABE32AC7E87B1E922A5B0 /* Pods-Pharmacy.debug.xcconfig */ = {isa = PBXFileReference; includeInIndex = 1; lastKnownFileType = text.xcconfig; name = "Pods-Pharmacy.debug.xcconfig"; path = "Pods/Target Support Files/Pods-Pharmacy/Pods-Pharmacy.debug.xcconfig"; sourceTree = "<group>"; };
		1E7969091787900FA307D817 /* Pods-Pharmacy.release.xcconfig */ = {isa = PBXFileReference; includeInIndex = 1; lastKnownFileType = text.xcconfig; name = "Pods-Pharmacy.release.xcconfig"; path = "Pods/Target Support Files/Pods-Pharmacy/Pods-Pharmacy.release.xcconfig"; sourceTree = "<group>"; };
		360601B41F6E9FFC00D2E630 /* Extensions+UIActivityIndicatorView.swift */ = {isa = PBXFileReference; lastKnownFileType = sourcecode.swift; path = "Extensions+UIActivityIndicatorView.swift"; sourceTree = "<group>"; };
		3606209C1F6A610100741546 /* AddPrescriptionVC.swift */ = {isa = PBXFileReference; fileEncoding = 4; lastKnownFileType = sourcecode.swift; path = AddPrescriptionVC.swift; sourceTree = "<group>"; };
		3606573C1F590E7700B6C2D6 /* DrugNetworking.swift */ = {isa = PBXFileReference; fileEncoding = 4; lastKnownFileType = sourcecode.swift; path = DrugNetworking.swift; sourceTree = "<group>"; };
		3606573E1F59103B00B6C2D6 /* OrderNetworking.swift */ = {isa = PBXFileReference; fileEncoding = 4; lastKnownFileType = sourcecode.swift; path = OrderNetworking.swift; sourceTree = "<group>"; };
		360657511F59391500B6C2D6 /* DrugObject.swift */ = {isa = PBXFileReference; fileEncoding = 4; lastKnownFileType = sourcecode.swift; path = DrugObject.swift; sourceTree = "<group>"; };
		360657531F593AC300B6C2D6 /* DrugsService.swift */ = {isa = PBXFileReference; fileEncoding = 4; lastKnownFileType = sourcecode.swift; path = DrugsService.swift; sourceTree = "<group>"; };
		360657551F593B8300B6C2D6 /* OrderService.swift */ = {isa = PBXFileReference; fileEncoding = 4; lastKnownFileType = sourcecode.swift; path = OrderService.swift; sourceTree = "<group>"; };
		360657571F5A742400B6C2D6 /* OrderObject.swift */ = {isa = PBXFileReference; fileEncoding = 4; lastKnownFileType = sourcecode.swift; path = OrderObject.swift; sourceTree = "<group>"; };
		360FDCA01F6F688700E902D1 /* Extensions+NSError.swift */ = {isa = PBXFileReference; lastKnownFileType = sourcecode.swift; path = "Extensions+NSError.swift"; sourceTree = "<group>"; };
		360FDCA21F6F68AB00E902D1 /* Extensions+HTTPURLResponse.swift */ = {isa = PBXFileReference; lastKnownFileType = sourcecode.swift; path = "Extensions+HTTPURLResponse.swift"; sourceTree = "<group>"; };
		361304B41F6F5147008F0364 /* Extensions+Data.swift */ = {isa = PBXFileReference; lastKnownFileType = sourcecode.swift; path = "Extensions+Data.swift"; sourceTree = "<group>"; };
		361304B61F6F5313008F0364 /* Extensions+UIViewController.swift */ = {isa = PBXFileReference; lastKnownFileType = sourcecode.swift; path = "Extensions+UIViewController.swift"; sourceTree = "<group>"; };
		361304B81F6F535D008F0364 /* Extensions+UINavigationController.swift */ = {isa = PBXFileReference; lastKnownFileType = sourcecode.swift; path = "Extensions+UINavigationController.swift"; sourceTree = "<group>"; };
		361304BA1F6F577A008F0364 /* Extensions+String.swift */ = {isa = PBXFileReference; lastKnownFileType = sourcecode.swift; path = "Extensions+String.swift"; sourceTree = "<group>"; };
		361304BC1F6F6556008F0364 /* Extensions+Date.swift */ = {isa = PBXFileReference; lastKnownFileType = sourcecode.swift; path = "Extensions+Date.swift"; sourceTree = "<group>"; };
		3614F15F1F6555FF00861CBC /* OrderHistoryVC.swift */ = {isa = PBXFileReference; fileEncoding = 4; lastKnownFileType = sourcecode.swift; path = OrderHistoryVC.swift; sourceTree = "<group>"; };
		3614F1621F65594F00861CBC /* OrderHistoryCells.swift */ = {isa = PBXFileReference; fileEncoding = 4; lastKnownFileType = sourcecode.swift; path = OrderHistoryCells.swift; sourceTree = "<group>"; };
		3614F1631F65594F00861CBC /* OrderHistoryCells.xib */ = {isa = PBXFileReference; fileEncoding = 4; lastKnownFileType = file.xib; path = OrderHistoryCells.xib; sourceTree = "<group>"; };
		3615B54C1F6E20CF00311059 /* OrderPrescriptionVC.swift */ = {isa = PBXFileReference; lastKnownFileType = sourcecode.swift; path = OrderPrescriptionVC.swift; sourceTree = "<group>"; };
		3615B54E1F6E504700311059 /* DrugsOfOrderPrescriptionCell.swift */ = {isa = PBXFileReference; lastKnownFileType = sourcecode.swift; path = DrugsOfOrderPrescriptionCell.swift; sourceTree = "<group>"; };
		3623C51B1F70E33500DE016C /* SettingsVC.swift */ = {isa = PBXFileReference; lastKnownFileType = sourcecode.swift; path = SettingsVC.swift; sourceTree = "<group>"; };
		3630307A1F70E7F4007CD711 /* SettingsCell.swift */ = {isa = PBXFileReference; lastKnownFileType = sourcecode.swift; path = SettingsCell.swift; sourceTree = "<group>"; };
		3630307F1F70EB08007CD711 /* SettingObject.swift */ = {isa = PBXFileReference; lastKnownFileType = sourcecode.swift; path = SettingObject.swift; sourceTree = "<group>"; };
		363EC31E1F6F987700159A9C /* DrugsAdminVC.swift */ = {isa = PBXFileReference; lastKnownFileType = sourcecode.swift; path = DrugsAdminVC.swift; sourceTree = "<group>"; };
		3678D89A1F6627E900825990 /* DetailsOrderHistoryVC.swift */ = {isa = PBXFileReference; fileEncoding = 4; lastKnownFileType = sourcecode.swift; path = DetailsOrderHistoryVC.swift; sourceTree = "<group>"; };
		3678D89D1F662CCE00825990 /* DetailOrderHistoryCells.swift */ = {isa = PBXFileReference; fileEncoding = 4; lastKnownFileType = sourcecode.swift; path = DetailOrderHistoryCells.swift; sourceTree = "<group>"; };
		3678D89E1F662CCE00825990 /* DetailOrderHistoryCells.xib */ = {isa = PBXFileReference; fileEncoding = 4; lastKnownFileType = file.xib; path = DetailOrderHistoryCells.xib; sourceTree = "<group>"; };
		367FC17B1F736CD600E7B5CD /* DrugOfNewPresciptionCell.swift */ = {isa = PBXFileReference; fileEncoding = 4; lastKnownFileType = sourcecode.swift; path = DrugOfNewPresciptionCell.swift; sourceTree = "<group>"; };
		367FC17C1F736CD600E7B5CD /* DrugOfNewPresciptionCell.xib */ = {isa = PBXFileReference; fileEncoding = 4; lastKnownFileType = file.xib; path = DrugOfNewPresciptionCell.xib; sourceTree = "<group>"; };
		367FC17F1F73859600E7B5CD /* UserService.swift */ = {isa = PBXFileReference; fileEncoding = 4; lastKnownFileType = sourcecode.swift; path = UserService.swift; sourceTree = "<group>"; };
		36802D861F695B6200E00ACB /* PrescriptionVC.swift */ = {isa = PBXFileReference; fileEncoding = 4; lastKnownFileType = sourcecode.swift; path = PrescriptionVC.swift; sourceTree = "<group>"; };
		36802D8D1F695E6E00E00ACB /* PrescriptionObject.swift */ = {isa = PBXFileReference; fileEncoding = 4; lastKnownFileType = sourcecode.swift; path = PrescriptionObject.swift; sourceTree = "<group>"; };
		36802D8F1F69624800E00ACB /* PrescriptionManager.swift */ = {isa = PBXFileReference; fileEncoding = 4; lastKnownFileType = sourcecode.swift; path = PrescriptionManager.swift; sourceTree = "<group>"; };
		3683038E1F6CBF2A00F7DB70 /* SubmitPrescriptionCell.swift */ = {isa = PBXFileReference; lastKnownFileType = sourcecode.swift; path = SubmitPrescriptionCell.swift; sourceTree = "<group>"; };
		368303921F6CC3CE00F7DB70 /* PrescriptionNetworking.swift */ = {isa = PBXFileReference; lastKnownFileType = sourcecode.swift; path = PrescriptionNetworking.swift; sourceTree = "<group>"; };
		368303941F6CC4C900F7DB70 /* PrescriptionService.swift */ = {isa = PBXFileReference; lastKnownFileType = sourcecode.swift; path = PrescriptionService.swift; sourceTree = "<group>"; };
		368303BD1F6CDCAA00F7DB70 /* PendingPrescriptionCell.swift */ = {isa = PBXFileReference; lastKnownFileType = sourcecode.swift; path = PendingPrescriptionCell.swift; sourceTree = "<group>"; };
		368303C41F6D0BF700F7DB70 /* RejectedPrescriptionCell.swift */ = {isa = PBXFileReference; lastKnownFileType = sourcecode.swift; path = RejectedPrescriptionCell.swift; sourceTree = "<group>"; };
		368303C81F6D0C0A00F7DB70 /* ApprovedPrescriptionCell.swift */ = {isa = PBXFileReference; lastKnownFileType = sourcecode.swift; path = ApprovedPrescriptionCell.swift; sourceTree = "<group>"; };
		3687D1E41F7186020012BA5E /* ApprovedPrescriptionCell.xib */ = {isa = PBXFileReference; fileEncoding = 4; lastKnownFileType = file.xib; path = ApprovedPrescriptionCell.xib; sourceTree = "<group>"; };
		3687D1EC1F7186250012BA5E /* RejectedPrescriptionCell.xib */ = {isa = PBXFileReference; fileEncoding = 4; lastKnownFileType = file.xib; path = RejectedPrescriptionCell.xib; sourceTree = "<group>"; };
		3687D1F01F7186350012BA5E /* PendingPrescriptionCell.xib */ = {isa = PBXFileReference; fileEncoding = 4; lastKnownFileType = file.xib; path = PendingPrescriptionCell.xib; sourceTree = "<group>"; };
		3687D1F41F7186430012BA5E /* SubmitPrescriptionCell.xib */ = {isa = PBXFileReference; fileEncoding = 4; lastKnownFileType = file.xib; path = SubmitPrescriptionCell.xib; sourceTree = "<group>"; };
		3687D1F81F71893B0012BA5E /* SettingsCell.xib */ = {isa = PBXFileReference; fileEncoding = 4; lastKnownFileType = file.xib; path = SettingsCell.xib; sourceTree = "<group>"; };
		3687D1FC1F718A100012BA5E /* DrugsOfOrderPrescriptionCell.xib */ = {isa = PBXFileReference; fileEncoding = 4; lastKnownFileType = file.xib; path = DrugsOfOrderPrescriptionCell.xib; sourceTree = "<group>"; };
		368F70961F718599006A9A63 /* DrugAdminCell.xib */ = {isa = PBXFileReference; fileEncoding = 4; lastKnownFileType = file.xib; path = DrugAdminCell.xib; sourceTree = "<group>"; };
		368F709A1F7185AE006A9A63 /* PrescriptionsAdminCell.xib */ = {isa = PBXFileReference; fileEncoding = 4; lastKnownFileType = file.xib; path = PrescriptionsAdminCell.xib; sourceTree = "<group>"; };
		369849A61F6FF851007CE5CC /* PrescriptionAdminVC.swift */ = {isa = PBXFileReference; lastKnownFileType = sourcecode.swift; path = PrescriptionAdminVC.swift; sourceTree = "<group>"; };
		369849A91F700602007CE5CC /* DrugAdminCell.swift */ = {isa = PBXFileReference; lastKnownFileType = sourcecode.swift; path = DrugAdminCell.swift; sourceTree = "<group>"; };
		369849AE1F700875007CE5CC /* PrescriptionsAdminCell.swift */ = {isa = PBXFileReference; lastKnownFileType = sourcecode.swift; path = PrescriptionsAdminCell.swift; sourceTree = "<group>"; };
		369849B31F700940007CE5CC /* AddEditDrugAdminVC.swift */ = {isa = PBXFileReference; lastKnownFileType = sourcecode.swift; path = AddEditDrugAdminVC.swift; sourceTree = "<group>"; };
		36AE94811F4D4D3C00DA6AAA /* ChangePwVC.swift */ = {isa = PBXFileReference; fileEncoding = 4; lastKnownFileType = sourcecode.swift; path = ChangePwVC.swift; sourceTree = "<group>"; };
		36AE94861F4D52CA00DA6AAA /* ChangeInfoVC.swift */ = {isa = PBXFileReference; fileEncoding = 4; lastKnownFileType = sourcecode.swift; path = ChangeInfoVC.swift; sourceTree = "<group>"; };
		36AE948D1F4FCDBC00DA6AAA /* GetInformationsVC.swift */ = {isa = PBXFileReference; fileEncoding = 4; lastKnownFileType = sourcecode.swift; path = GetInformationsVC.swift; sourceTree = "<group>"; };
		36B2ECA31F717F790075F33F /* Admin.storyboard */ = {isa = PBXFileReference; fileEncoding = 4; lastKnownFileType = file.storyboard; path = Admin.storyboard; sourceTree = "<group>"; };
		36E271DD1F4ADCD400EE3597 /* NetworkManager.swift */ = {isa = PBXFileReference; fileEncoding = 4; lastKnownFileType = sourcecode.swift; path = NetworkManager.swift; sourceTree = "<group>"; };
		36E271E01F4ADD3900EE3597 /* Utilities.swift */ = {isa = PBXFileReference; fileEncoding = 4; lastKnownFileType = sourcecode.swift; path = Utilities.swift; sourceTree = "<group>"; };
		36E271E61F4AF94C00EE3597 /* UserNetworking.swift */ = {isa = PBXFileReference; fileEncoding = 4; lastKnownFileType = sourcecode.swift; path = UserNetworking.swift; sourceTree = "<group>"; };
		36E48DAA1F49D2DC0085A097 /* Pharmacy.app */ = {isa = PBXFileReference; explicitFileType = wrapper.application; includeInIndex = 0; path = Pharmacy.app; sourceTree = BUILT_PRODUCTS_DIR; };
		36E48DC11F49D3BF0085A097 /* AppDelegate.swift */ = {isa = PBXFileReference; fileEncoding = 4; lastKnownFileType = sourcecode.swift; path = AppDelegate.swift; sourceTree = "<group>"; };
		36E48DC31F49D3BF0085A097 /* Assets.xcassets */ = {isa = PBXFileReference; lastKnownFileType = folder.assetcatalog; path = Assets.xcassets; sourceTree = "<group>"; };
		36E48DC51F49D3BF0085A097 /* LaunchScreen.storyboard */ = {isa = PBXFileReference; fileEncoding = 4; lastKnownFileType = file.storyboard; path = LaunchScreen.storyboard; sourceTree = "<group>"; };
		36E48DC61F49D3BF0085A097 /* Main.storyboard */ = {isa = PBXFileReference; fileEncoding = 4; lastKnownFileType = file.storyboard; path = Main.storyboard; sourceTree = "<group>"; };
		36E48DC81F49D3BF0085A097 /* Info.plist */ = {isa = PBXFileReference; fileEncoding = 4; lastKnownFileType = text.plist.xml; path = Info.plist; sourceTree = "<group>"; };
		36E48DCE1F49D46C0085A097 /* Alamofire.framework */ = {isa = PBXFileReference; lastKnownFileType = wrapper.framework; name = Alamofire.framework; path = "../../Library/Developer/Xcode/DerivedData/Pharmacy-dzuhvatzdfrzkhfcbyqyqrsllicm/Build/Products/Debug-iphonesimulator/Alamofire/Alamofire.framework"; sourceTree = "<group>"; };
		36E48DD91F49DC1F0085A097 /* SignInUp.storyboard */ = {isa = PBXFileReference; fileEncoding = 4; lastKnownFileType = file.storyboard; path = SignInUp.storyboard; sourceTree = "<group>"; };
		36E48DDB1F49DC420085A097 /* SignInVC.swift */ = {isa = PBXFileReference; fileEncoding = 4; lastKnownFileType = sourcecode.swift; path = SignInVC.swift; sourceTree = "<group>"; };
		36E48DDD1F49DC5B0085A097 /* SignUpVC.swift */ = {isa = PBXFileReference; fileEncoding = 4; lastKnownFileType = sourcecode.swift; path = SignUpVC.swift; sourceTree = "<group>"; };
		36E48DE01F49EC310085A097 /* UserObject.swift */ = {isa = PBXFileReference; fileEncoding = 4; lastKnownFileType = sourcecode.swift; path = UserObject.swift; sourceTree = "<group>"; };
		36E48DE41F49EF170085A097 /* LauchVC.swift */ = {isa = PBXFileReference; fileEncoding = 4; lastKnownFileType = sourcecode.swift; path = LauchVC.swift; sourceTree = "<group>"; };
		36E48DE81F49F2960085A097 /* UserManager.swift */ = {isa = PBXFileReference; fileEncoding = 4; lastKnownFileType = sourcecode.swift; path = UserManager.swift; sourceTree = "<group>"; };
		36E5F2151F6124DA00BDCC9D /* OrderManager.swift */ = {isa = PBXFileReference; fileEncoding = 4; lastKnownFileType = sourcecode.swift; path = OrderManager.swift; sourceTree = "<group>"; };
		9654EF3342A90AF53F0981E7 /* Pods_Pharmacy.framework */ = {isa = PBXFileReference; explicitFileType = wrapper.framework; includeInIndex = 0; path = Pods_Pharmacy.framework; sourceTree = BUILT_PRODUCTS_DIR; };
/* End PBXFileReference section */

/* Begin PBXFrameworksBuildPhase section */
		36E48DA71F49D2DC0085A097 /* Frameworks */ = {
			isa = PBXFrameworksBuildPhase;
			buildActionMask = 2147483647;
			files = (
				36E48DCF1F49D46C0085A097 /* Alamofire.framework in Frameworks */,
				5C34706F55A0C88B21ED4CB2 /* Pods_Pharmacy.framework in Frameworks */,
			);
			runOnlyForDeploymentPostprocessing = 0;
		};
/* End PBXFrameworksBuildPhase section */

/* Begin PBXGroup section */
		0C18B7B9ADC5238BEC42B164 /* Pods */ = {
			isa = PBXGroup;
			children = (
				053ABE32AC7E87B1E922A5B0 /* Pods-Pharmacy.debug.xcconfig */,
				1E7969091787900FA307D817 /* Pods-Pharmacy.release.xcconfig */,
			);
			name = Pods;
			sourceTree = "<group>";
		};
		3606209B1F6A60EC00741546 /* New Prescription */ = {
			isa = PBXGroup;
			children = (
				367FC1791F736CBD00E7B5CD /* DrugOfNewPresciptionCell */,
				3606209C1F6A610100741546 /* AddPrescriptionVC.swift */,
			);
			path = "New Prescription";
			sourceTree = "<group>";
		};
		3614F15E1F6555D900861CBC /* OrdersHistory */ = {
			isa = PBXGroup;
			children = (
				3678D8991F6627C200825990 /* DetailsOrderHistory */,
				3614F1611F65592900861CBC /* OrderHistoryCells */,
				3614F15F1F6555FF00861CBC /* OrderHistoryVC.swift */,
			);
			path = OrdersHistory;
			sourceTree = "<group>";
		};
		3614F1611F65592900861CBC /* OrderHistoryCells */ = {
			isa = PBXGroup;
			children = (
				3614F1621F65594F00861CBC /* OrderHistoryCells.swift */,
				3614F1631F65594F00861CBC /* OrderHistoryCells.xib */,
			);
			path = OrderHistoryCells;
			sourceTree = "<group>";
		};
		3615B54B1F6E205900311059 /* DetailPrescription */ = {
			isa = PBXGroup;
			children = (
				3615B5521F6E504C00311059 /* DrugsOfOrderPrescriptionCell */,
				3615B54C1F6E20CF00311059 /* OrderPrescriptionVC.swift */,
			);
			path = DetailPrescription;
			sourceTree = "<group>";
		};
		3615B5521F6E504C00311059 /* DrugsOfOrderPrescriptionCell */ = {
			isa = PBXGroup;
			children = (
				3615B54E1F6E504700311059 /* DrugsOfOrderPrescriptionCell.swift */,
				3687D1FC1F718A100012BA5E /* DrugsOfOrderPrescriptionCell.xib */,
			);
			path = DrugsOfOrderPrescriptionCell;
			sourceTree = "<group>";
		};
		3623C51A1F70E31F00DE016C /* Settings */ = {
			isa = PBXGroup;
			children = (
				3630307E1F70E7FA007CD711 /* SettingsCell */,
				3623C51B1F70E33500DE016C /* SettingsVC.swift */,
			);
			path = Settings;
			sourceTree = "<group>";
		};
		3630307E1F70E7FA007CD711 /* SettingsCell */ = {
			isa = PBXGroup;
			children = (
				3630307A1F70E7F4007CD711 /* SettingsCell.swift */,
				3687D1F81F71893B0012BA5E /* SettingsCell.xib */,
			);
			path = SettingsCell;
			sourceTree = "<group>";
		};
		363EC31B1F6F97E700159A9C /* Admin */ = {
			isa = PBXGroup;
			children = (
				363EC31D1F6F985100159A9C /* Drugs */,
				363EC31C1F6F984700159A9C /* Prescriptions */,
			);
			path = Admin;
			sourceTree = "<group>";
		};
		363EC31C1F6F984700159A9C /* Prescriptions */ = {
			isa = PBXGroup;
			children = (
				369849AD1F700855007CE5CC /* PrescriptionsAdminCell */,
				369849A61F6FF851007CE5CC /* PrescriptionAdminVC.swift */,
			);
			path = Prescriptions;
			sourceTree = "<group>";
		};
		363EC31D1F6F985100159A9C /* Drugs */ = {
			isa = PBXGroup;
			children = (
				369849B21F70091E007CE5CC /* AddEditDrug */,
				369849A81F700529007CE5CC /* DrugCell */,
				363EC31E1F6F987700159A9C /* DrugsAdminVC.swift */,
			);
			path = Drugs;
			sourceTree = "<group>";
		};
		3678D8991F6627C200825990 /* DetailsOrderHistory */ = {
			isa = PBXGroup;
			children = (
				3678D89C1F662CB700825990 /* DetailOrderHistoryCells */,
				3678D89A1F6627E900825990 /* DetailsOrderHistoryVC.swift */,
			);
			path = DetailsOrderHistory;
			sourceTree = "<group>";
		};
		3678D89C1F662CB700825990 /* DetailOrderHistoryCells */ = {
			isa = PBXGroup;
			children = (
				3678D89D1F662CCE00825990 /* DetailOrderHistoryCells.swift */,
				3678D89E1F662CCE00825990 /* DetailOrderHistoryCells.xib */,
			);
			path = DetailOrderHistoryCells;
			sourceTree = "<group>";
		};
		367FC1791F736CBD00E7B5CD /* DrugOfNewPresciptionCell */ = {
			isa = PBXGroup;
			children = (
				367FC17B1F736CD600E7B5CD /* DrugOfNewPresciptionCell.swift */,
				367FC17C1F736CD600E7B5CD /* DrugOfNewPresciptionCell.xib */,
			);
			path = DrugOfNewPresciptionCell;
			sourceTree = "<group>";
		};
		36802D851F695AAC00E00ACB /* Prescriptions */ = {
			isa = PBXGroup;
			children = (
				3606209B1F6A60EC00741546 /* New Prescription */,
				36802D881F695B9A00E00ACB /* PrescriptionCells */,
				36802D861F695B6200E00ACB /* PrescriptionVC.swift */,
			);
			path = Prescriptions;
			sourceTree = "<group>";
		};
		36802D881F695B9A00E00ACB /* PrescriptionCells */ = {
			isa = PBXGroup;
			children = (
				368303C21F6D0BD200F7DB70 /* ApprovedPrescriptionCell */,
				368303C11F6D0B9300F7DB70 /* RejectedPrescriptionCell */,
				368303BC1F6CDB3600F7DB70 /* PendingPrescriptionCell */,
				3683038D1F6CBEDE00F7DB70 /* SubmitPrescriptionCell */,
			);
			path = PrescriptionCells;
			sourceTree = "<group>";
		};
		3683038D1F6CBEDE00F7DB70 /* SubmitPrescriptionCell */ = {
			isa = PBXGroup;
			children = (
				3683038E1F6CBF2A00F7DB70 /* SubmitPrescriptionCell.swift */,
				3687D1F41F7186430012BA5E /* SubmitPrescriptionCell.xib */,
			);
			path = SubmitPrescriptionCell;
			sourceTree = "<group>";
		};
		368303BC1F6CDB3600F7DB70 /* PendingPrescriptionCell */ = {
			isa = PBXGroup;
			children = (
				368303BD1F6CDCAA00F7DB70 /* PendingPrescriptionCell.swift */,
				3687D1F01F7186350012BA5E /* PendingPrescriptionCell.xib */,
			);
			path = PendingPrescriptionCell;
			sourceTree = "<group>";
		};
		368303C11F6D0B9300F7DB70 /* RejectedPrescriptionCell */ = {
			isa = PBXGroup;
			children = (
				368303C41F6D0BF700F7DB70 /* RejectedPrescriptionCell.swift */,
				3687D1EC1F7186250012BA5E /* RejectedPrescriptionCell.xib */,
			);
			path = RejectedPrescriptionCell;
			sourceTree = "<group>";
		};
		368303C21F6D0BD200F7DB70 /* ApprovedPrescriptionCell */ = {
			isa = PBXGroup;
			children = (
				3615B54B1F6E205900311059 /* DetailPrescription */,
				368303C81F6D0C0A00F7DB70 /* ApprovedPrescriptionCell.swift */,
				3687D1E41F7186020012BA5E /* ApprovedPrescriptionCell.xib */,
			);
			path = ApprovedPrescriptionCell;
			sourceTree = "<group>";
		};
		369849A81F700529007CE5CC /* DrugCell */ = {
			isa = PBXGroup;
			children = (
				369849A91F700602007CE5CC /* DrugAdminCell.swift */,
				368F70961F718599006A9A63 /* DrugAdminCell.xib */,
			);
			path = DrugCell;
			sourceTree = "<group>";
		};
		369849AD1F700855007CE5CC /* PrescriptionsAdminCell */ = {
			isa = PBXGroup;
			children = (
				369849AE1F700875007CE5CC /* PrescriptionsAdminCell.swift */,
				368F709A1F7185AE006A9A63 /* PrescriptionsAdminCell.xib */,
			);
			path = PrescriptionsAdminCell;
			sourceTree = "<group>";
		};
		369849B21F70091E007CE5CC /* AddEditDrug */ = {
			isa = PBXGroup;
			children = (
				369849B31F700940007CE5CC /* AddEditDrugAdminVC.swift */,
			);
			path = AddEditDrug;
			sourceTree = "<group>";
		};
		36AE94801F4D4D2500DA6AAA /* ChangePassword */ = {
			isa = PBXGroup;
			children = (
				36AE94811F4D4D3C00DA6AAA /* ChangePwVC.swift */,
			);
			path = ChangePassword;
			sourceTree = "<group>";
		};
		36AE94831F4D52A300DA6AAA /* ChangeInfo */ = {
			isa = PBXGroup;
			children = (
				36AE94861F4D52CA00DA6AAA /* ChangeInfoVC.swift */,
			);
			path = ChangeInfo;
			sourceTree = "<group>";
		};
		36AE948C1F4FCDA500DA6AAA /* Get Infomations */ = {
			isa = PBXGroup;
			children = (
				36AE948D1F4FCDBC00DA6AAA /* GetInformationsVC.swift */,
			);
			path = "Get Infomations";
			sourceTree = "<group>";
		};
		36E271DF1F4ADD2700EE3597 /* Utilities */ = {
			isa = PBXGroup;
			children = (
				36E271E01F4ADD3900EE3597 /* Utilities.swift */,
			);
			path = Utilities;
			sourceTree = "<group>";
		};
		36E271E51F4AF93600EE3597 /* Network */ = {
			isa = PBXGroup;
			children = (
				36E271E61F4AF94C00EE3597 /* UserNetworking.swift */,
				3606573C1F590E7700B6C2D6 /* DrugNetworking.swift */,
				3606573E1F59103B00B6C2D6 /* OrderNetworking.swift */,
				368303921F6CC3CE00F7DB70 /* PrescriptionNetworking.swift */,
			);
			path = Network;
			sourceTree = "<group>";
		};
		36E48DA11F49D2DC0085A097 = {
			isa = PBXGroup;
			children = (
				36E48DAC1F49D2DC0085A097 /* Pharmacy */,
				36E48DAB1F49D2DC0085A097 /* Products */,
				0C18B7B9ADC5238BEC42B164 /* Pods */,
				E2A5A75C6776ED6BF33E4024 /* Frameworks */,
			);
			sourceTree = "<group>";
		};
		36E48DAB1F49D2DC0085A097 /* Products */ = {
			isa = PBXGroup;
			children = (
				36E48DAA1F49D2DC0085A097 /* Pharmacy.app */,
			);
			name = Products;
			sourceTree = "<group>";
		};
		36E48DAC1F49D2DC0085A097 /* Pharmacy */ = {
			isa = PBXGroup;
			children = (
				36E48DBF1F49D3BF0085A097 /* Classes */,
				36E48DC21F49D3BF0085A097 /* Resources */,
				36E48DC41F49D3BF0085A097 /* Storyboards */,
				36E48DC71F49D3BF0085A097 /* Supporting Files */,
			);
			path = Pharmacy;
			sourceTree = "<group>";
		};
		36E48DBF1F49D3BF0085A097 /* Classes */ = {
			isa = PBXGroup;
			children = (
				36F94D271F6BA00C00AE70CB /* Extensions */,
				36E271E51F4AF93600EE3597 /* Network */,
				36E271DF1F4ADD2700EE3597 /* Utilities */,
				36E48DE21F49EEEB0085A097 /* Services */,
				36E48DE31F49EEEB0085A097 /* Managers */,
				36E48DDF1F49EC200085A097 /* Models */,
				36E48DD31F49D59B0085A097 /* UI */,
				36E48DC01F49D3BF0085A097 /* App */,
			);
			path = Classes;
			sourceTree = "<group>";
		};
		36E48DC01F49D3BF0085A097 /* App */ = {
			isa = PBXGroup;
			children = (
				36E48DC11F49D3BF0085A097 /* AppDelegate.swift */,
				36E48DE41F49EF170085A097 /* LauchVC.swift */,
			);
			path = App;
			sourceTree = "<group>";
		};
		36E48DC21F49D3BF0085A097 /* Resources */ = {
			isa = PBXGroup;
			children = (
				36E48DC31F49D3BF0085A097 /* Assets.xcassets */,
			);
			path = Resources;
			sourceTree = "<group>";
		};
		36E48DC41F49D3BF0085A097 /* Storyboards */ = {
			isa = PBXGroup;
			children = (
				36E48DC51F49D3BF0085A097 /* LaunchScreen.storyboard */,
				36E48DC61F49D3BF0085A097 /* Main.storyboard */,
				36E48DD91F49DC1F0085A097 /* SignInUp.storyboard */,
				36B2ECA31F717F790075F33F /* Admin.storyboard */,
			);
			path = Storyboards;
			sourceTree = "<group>";
		};
		36E48DC71F49D3BF0085A097 /* Supporting Files */ = {
			isa = PBXGroup;
			children = (
				36E48DC81F49D3BF0085A097 /* Info.plist */,
			);
			path = "Supporting Files";
			sourceTree = "<group>";
		};
		36E48DD31F49D59B0085A097 /* UI */ = {
			isa = PBXGroup;
			children = (
				3623C51A1F70E31F00DE016C /* Settings */,
				363EC31B1F6F97E700159A9C /* Admin */,
				36802D851F695AAC00E00ACB /* Prescriptions */,
				3614F15E1F6555D900861CBC /* OrdersHistory */,
				36AE948C1F4FCDA500DA6AAA /* Get Infomations */,
				36AE94831F4D52A300DA6AAA /* ChangeInfo */,
				36AE94801F4D4D2500DA6AAA /* ChangePassword */,
				36E48DD51F49D59B0085A097 /* SignIn */,
				36E48DD61F49D59B0085A097 /* SignUp */,
			);
			path = UI;
			sourceTree = "<group>";
		};
		36E48DD51F49D59B0085A097 /* SignIn */ = {
			isa = PBXGroup;
			children = (
				36E48DDB1F49DC420085A097 /* SignInVC.swift */,
			);
			path = SignIn;
			sourceTree = "<group>";
		};
		36E48DD61F49D59B0085A097 /* SignUp */ = {
			isa = PBXGroup;
			children = (
				36E48DDD1F49DC5B0085A097 /* SignUpVC.swift */,
			);
			path = SignUp;
			sourceTree = "<group>";
		};
		36E48DDF1F49EC200085A097 /* Models */ = {
			isa = PBXGroup;
			children = (
				36E48DE01F49EC310085A097 /* UserObject.swift */,
				360657511F59391500B6C2D6 /* DrugObject.swift */,
				360657571F5A742400B6C2D6 /* OrderObject.swift */,
				36802D8D1F695E6E00E00ACB /* PrescriptionObject.swift */,
				3630307F1F70EB08007CD711 /* SettingObject.swift */,
			);
			path = Models;
			sourceTree = "<group>";
		};
		36E48DE21F49EEEB0085A097 /* Services */ = {
			isa = PBXGroup;
			children = (
				360657531F593AC300B6C2D6 /* DrugsService.swift */,
				360657551F593B8300B6C2D6 /* OrderService.swift */,
				368303941F6CC4C900F7DB70 /* PrescriptionService.swift */,
				367FC17F1F73859600E7B5CD /* UserService.swift */,
			);
			path = Services;
			sourceTree = "<group>";
		};
		36E48DE31F49EEEB0085A097 /* Managers */ = {
			isa = PBXGroup;
			children = (
				36E48DE81F49F2960085A097 /* UserManager.swift */,
				36E271DD1F4ADCD400EE3597 /* NetworkManager.swift */,
				36E5F2151F6124DA00BDCC9D /* OrderManager.swift */,
				36802D8F1F69624800E00ACB /* PrescriptionManager.swift */,
			);
			path = Managers;
			sourceTree = "<group>";
		};
		36F94D271F6BA00C00AE70CB /* Extensions */ = {
			isa = PBXGroup;
			children = (
				360601B41F6E9FFC00D2E630 /* Extensions+UIActivityIndicatorView.swift */,
				361304B41F6F5147008F0364 /* Extensions+Data.swift */,
				361304B61F6F5313008F0364 /* Extensions+UIViewController.swift */,
				361304B81F6F535D008F0364 /* Extensions+UINavigationController.swift */,
				361304BA1F6F577A008F0364 /* Extensions+String.swift */,
				361304BC1F6F6556008F0364 /* Extensions+Date.swift */,
				360FDCA01F6F688700E902D1 /* Extensions+NSError.swift */,
				360FDCA21F6F68AB00E902D1 /* Extensions+HTTPURLResponse.swift */,
			);
			path = Extensions;
			sourceTree = "<group>";
		};
		E2A5A75C6776ED6BF33E4024 /* Frameworks */ = {
			isa = PBXGroup;
			children = (
				36E48DCE1F49D46C0085A097 /* Alamofire.framework */,
				9654EF3342A90AF53F0981E7 /* Pods_Pharmacy.framework */,
			);
			name = Frameworks;
			sourceTree = "<group>";
		};
/* End PBXGroup section */

/* Begin PBXNativeTarget section */
		36E48DA91F49D2DC0085A097 /* Pharmacy */ = {
			isa = PBXNativeTarget;
			buildConfigurationList = 36E48DBC1F49D2DC0085A097 /* Build configuration list for PBXNativeTarget "Pharmacy" */;
			buildPhases = (
				D04C57AFBCD6C2079C2B7A72 /* [CP] Check Pods Manifest.lock */,
				36E48DA61F49D2DC0085A097 /* Sources */,
				36E48DA71F49D2DC0085A097 /* Frameworks */,
				36E48DA81F49D2DC0085A097 /* Resources */,
				09D7E769FE21530D81FDD280 /* [CP] Embed Pods Frameworks */,
				C63763E7C4F6331EF497F46F /* [CP] Copy Pods Resources */,
			);
			buildRules = (
			);
			dependencies = (
			);
			name = Pharmacy;
			productName = Pharmacy;
			productReference = 36E48DAA1F49D2DC0085A097 /* Pharmacy.app */;
			productType = "com.apple.product-type.application";
		};
/* End PBXNativeTarget section */

/* Begin PBXProject section */
		36E48DA21F49D2DC0085A097 /* Project object */ = {
			isa = PBXProject;
			attributes = {
				LastSwiftUpdateCheck = 0830;
				LastUpgradeCheck = 0900;
				ORGANIZATIONNAME = "Lê Anh Tuấn";
				TargetAttributes = {
					36E48DA91F49D2DC0085A097 = {
						CreatedOnToolsVersion = 8.3.3;
						DevelopmentTeam = VGQU7EVXZV;
						LastSwiftMigration = 0830;
						ProvisioningStyle = Automatic;
					};
				};
			};
			buildConfigurationList = 36E48DA51F49D2DC0085A097 /* Build configuration list for PBXProject "Pharmacy" */;
			compatibilityVersion = "Xcode 3.2";
			developmentRegion = English;
			hasScannedForEncodings = 0;
			knownRegions = (
				en,
				Base,
			);
			mainGroup = 36E48DA11F49D2DC0085A097;
			productRefGroup = 36E48DAB1F49D2DC0085A097 /* Products */;
			projectDirPath = "";
			projectRoot = "";
			targets = (
				36E48DA91F49D2DC0085A097 /* Pharmacy */,
			);
		};
/* End PBXProject section */

/* Begin PBXResourcesBuildPhase section */
		36E48DA81F49D2DC0085A097 /* Resources */ = {
			isa = PBXResourcesBuildPhase;
			buildActionMask = 2147483647;
			files = (
				367FC17E1F736CD600E7B5CD /* DrugOfNewPresciptionCell.xib in Resources */,
				3687D1FA1F71893B0012BA5E /* SettingsCell.xib in Resources */,
				36E48DCA1F49D3BF0085A097 /* Assets.xcassets in Resources */,
				3687D1E61F7186020012BA5E /* ApprovedPrescriptionCell.xib in Resources */,
				36B2ECA41F717F790075F33F /* Admin.storyboard in Resources */,
				368F70981F718599006A9A63 /* DrugAdminCell.xib in Resources */,
				36E48DCC1F49D3BF0085A097 /* Main.storyboard in Resources */,
				36E48DCB1F49D3BF0085A097 /* LaunchScreen.storyboard in Resources */,
				3687D1F21F7186350012BA5E /* PendingPrescriptionCell.xib in Resources */,
				3687D1EE1F7186250012BA5E /* RejectedPrescriptionCell.xib in Resources */,
				368F709C1F7185AE006A9A63 /* PrescriptionsAdminCell.xib in Resources */,
				3687D1FE1F718A100012BA5E /* DrugsOfOrderPrescriptionCell.xib in Resources */,
				36E48DDA1F49DC1F0085A097 /* SignInUp.storyboard in Resources */,
				3614F1651F65594F00861CBC /* OrderHistoryCells.xib in Resources */,
				3678D8A01F662CCE00825990 /* DetailOrderHistoryCells.xib in Resources */,
				3687D1F61F7186430012BA5E /* SubmitPrescriptionCell.xib in Resources */,
			);
			runOnlyForDeploymentPostprocessing = 0;
		};
/* End PBXResourcesBuildPhase section */

/* Begin PBXShellScriptBuildPhase section */
		09D7E769FE21530D81FDD280 /* [CP] Embed Pods Frameworks */ = {
			isa = PBXShellScriptBuildPhase;
			buildActionMask = 2147483647;
			files = (
			);
			inputPaths = (
				"${SRCROOT}/Pods/Target Support Files/Pods-Pharmacy/Pods-Pharmacy-frameworks.sh",
				"${BUILT_PRODUCTS_DIR}/Alamofire/Alamofire.framework",
				"${BUILT_PRODUCTS_DIR}/Gloss/Gloss.framework",
			);
			name = "[CP] Embed Pods Frameworks";
			outputPaths = (
				"${TARGET_BUILD_DIR}/${FRAMEWORKS_FOLDER_PATH}/Alamofire.framework",
				"${TARGET_BUILD_DIR}/${FRAMEWORKS_FOLDER_PATH}/Gloss.framework",
			);
			runOnlyForDeploymentPostprocessing = 0;
			shellPath = /bin/sh;
			shellScript = "\"${SRCROOT}/Pods/Target Support Files/Pods-Pharmacy/Pods-Pharmacy-frameworks.sh\"\n";
			showEnvVarsInLog = 0;
		};
		C63763E7C4F6331EF497F46F /* [CP] Copy Pods Resources */ = {
			isa = PBXShellScriptBuildPhase;
			buildActionMask = 2147483647;
			files = (
			);
			inputPaths = (
			);
			name = "[CP] Copy Pods Resources";
			outputPaths = (
			);
			runOnlyForDeploymentPostprocessing = 0;
			shellPath = /bin/sh;
			shellScript = "\"${SRCROOT}/Pods/Target Support Files/Pods-Pharmacy/Pods-Pharmacy-resources.sh\"\n";
			showEnvVarsInLog = 0;
		};
		D04C57AFBCD6C2079C2B7A72 /* [CP] Check Pods Manifest.lock */ = {
			isa = PBXShellScriptBuildPhase;
			buildActionMask = 2147483647;
			files = (
			);
			inputPaths = (
				"${PODS_PODFILE_DIR_PATH}/Podfile.lock",
				"${PODS_ROOT}/Manifest.lock",
			);
			name = "[CP] Check Pods Manifest.lock";
			outputPaths = (
				"$(DERIVED_FILE_DIR)/Pods-Pharmacy-checkManifestLockResult.txt",
			);
			runOnlyForDeploymentPostprocessing = 0;
			shellPath = /bin/sh;
			shellScript = "diff \"${PODS_PODFILE_DIR_PATH}/Podfile.lock\" \"${PODS_ROOT}/Manifest.lock\" > /dev/null\nif [ $? != 0 ] ; then\n    # print error to STDERR\n    echo \"error: The sandbox is not in sync with the Podfile.lock. Run 'pod install' or update your CocoaPods installation.\" >&2\n    exit 1\nfi\n# This output is used by Xcode 'outputs' to avoid re-running this script phase.\necho \"SUCCESS\" > \"${SCRIPT_OUTPUT_FILE_0}\"\n";
			showEnvVarsInLog = 0;
		};
/* End PBXShellScriptBuildPhase section */

/* Begin PBXSourcesBuildPhase section */
		36E48DA61F49D2DC0085A097 /* Sources */ = {
			isa = PBXSourcesBuildPhase;
			buildActionMask = 2147483647;
			files = (
				361304BD1F6F6556008F0364 /* Extensions+Date.swift in Sources */,
				3614F1601F6555FF00861CBC /* OrderHistoryVC.swift in Sources */,
				36802D901F69624800E00ACB /* PrescriptionManager.swift in Sources */,
				36E48DDE1F49DC5B0085A097 /* SignUpVC.swift in Sources */,
				368303CA1F6D0C0A00F7DB70 /* ApprovedPrescriptionCell.swift in Sources */,
				368303C61F6D0BF700F7DB70 /* RejectedPrescriptionCell.swift in Sources */,
				3678D89B1F6627E900825990 /* DetailsOrderHistoryVC.swift in Sources */,
				360601B51F6E9FFC00D2E630 /* Extensions+UIActivityIndicatorView.swift in Sources */,
				361304B71F6F5313008F0364 /* Extensions+UIViewController.swift in Sources */,
				3615B5501F6E504700311059 /* DrugsOfOrderPrescriptionCell.swift in Sources */,
				361304B91F6F535D008F0364 /* Extensions+UINavigationController.swift in Sources */,
				369849A71F6FF851007CE5CC /* PrescriptionAdminVC.swift in Sources */,
				3678D89F1F662CCE00825990 /* DetailOrderHistoryCells.swift in Sources */,
				36E271E11F4ADD3900EE3597 /* Utilities.swift in Sources */,
				361304B51F6F5147008F0364 /* Extensions+Data.swift in Sources */,
				36802D871F695B6200E00ACB /* PrescriptionVC.swift in Sources */,
				360657561F593B8300B6C2D6 /* OrderService.swift in Sources */,
				36E271DE1F4ADCD400EE3597 /* NetworkManager.swift in Sources */,
				368303901F6CBF2A00F7DB70 /* SubmitPrescriptionCell.swift in Sources */,
				3630307C1F70E7F4007CD711 /* SettingsCell.swift in Sources */,
				369849AB1F700603007CE5CC /* DrugAdminCell.swift in Sources */,
				367FC1801F73859600E7B5CD /* UserService.swift in Sources */,
				369849B41F700940007CE5CC /* AddEditDrugAdminVC.swift in Sources */,
				360657541F593AC300B6C2D6 /* DrugsService.swift in Sources */,
				3623C51C1F70E33500DE016C /* SettingsVC.swift in Sources */,
				360657581F5A742400B6C2D6 /* OrderObject.swift in Sources */,
				360FDCA31F6F68AB00E902D1 /* Extensions+HTTPURLResponse.swift in Sources */,
				36E48DE91F49F2960085A097 /* UserManager.swift in Sources */,
				36E48DDC1F49DC420085A097 /* SignInVC.swift in Sources */,
				3615B54D1F6E20CF00311059 /* OrderPrescriptionVC.swift in Sources */,
				363030801F70EB08007CD711 /* SettingObject.swift in Sources */,
				36E48DE11F49EC310085A097 /* UserObject.swift in Sources */,
				360657521F59391500B6C2D6 /* DrugObject.swift in Sources */,
				369849B01F700875007CE5CC /* PrescriptionsAdminCell.swift in Sources */,
				36E48DE51F49EF170085A097 /* LauchVC.swift in Sources */,
				3606209D1F6A610100741546 /* AddPrescriptionVC.swift in Sources */,
				3606573F1F59103B00B6C2D6 /* OrderNetworking.swift in Sources */,
				360FDCA11F6F688700E902D1 /* Extensions+NSError.swift in Sources */,
				36E48DC91F49D3BF0085A097 /* AppDelegate.swift in Sources */,
				36AE94821F4D4D3C00DA6AAA /* ChangePwVC.swift in Sources */,
				368303931F6CC3CE00F7DB70 /* PrescriptionNetworking.swift in Sources */,
				368303951F6CC4C900F7DB70 /* PrescriptionService.swift in Sources */,
				36802D8E1F695E6E00E00ACB /* PrescriptionObject.swift in Sources */,
				36AE94871F4D52CA00DA6AAA /* ChangeInfoVC.swift in Sources */,
				36AE948E1F4FCDBC00DA6AAA /* GetInformationsVC.swift in Sources */,
				36E271E71F4AF94C00EE3597 /* UserNetworking.swift in Sources */,
				367FC17D1F736CD600E7B5CD /* DrugOfNewPresciptionCell.swift in Sources */,
				361304BB1F6F577A008F0364 /* Extensions+String.swift in Sources */,
				363EC31F1F6F987700159A9C /* DrugsAdminVC.swift in Sources */,
				36E5F2161F6124DA00BDCC9D /* OrderManager.swift in Sources */,
				3606573D1F590E7700B6C2D6 /* DrugNetworking.swift in Sources */,
				3614F1641F65594F00861CBC /* OrderHistoryCells.swift in Sources */,
				368303BF1F6CDCAA00F7DB70 /* PendingPrescriptionCell.swift in Sources */,
			);
			runOnlyForDeploymentPostprocessing = 0;
		};
/* End PBXSourcesBuildPhase section */

/* Begin XCBuildConfiguration section */
		36E48DBA1F49D2DC0085A097 /* Debug */ = {
			isa = XCBuildConfiguration;
			buildSettings = {
				ALWAYS_SEARCH_USER_PATHS = NO;
				CLANG_ANALYZER_NONNULL = YES;
				CLANG_ANALYZER_NUMBER_OBJECT_CONVERSION = YES_AGGRESSIVE;
				CLANG_CXX_LANGUAGE_STANDARD = "gnu++0x";
				CLANG_CXX_LIBRARY = "libc++";
				CLANG_ENABLE_MODULES = YES;
				CLANG_ENABLE_OBJC_ARC = YES;
				CLANG_WARN_BLOCK_CAPTURE_AUTORELEASING = YES;
				CLANG_WARN_BOOL_CONVERSION = YES;
				CLANG_WARN_COMMA = YES;
				CLANG_WARN_CONSTANT_CONVERSION = YES;
				CLANG_WARN_DIRECT_OBJC_ISA_USAGE = YES_ERROR;
				CLANG_WARN_DOCUMENTATION_COMMENTS = YES;
				CLANG_WARN_EMPTY_BODY = YES;
				CLANG_WARN_ENUM_CONVERSION = YES;
				CLANG_WARN_INFINITE_RECURSION = YES;
				CLANG_WARN_INT_CONVERSION = YES;
				CLANG_WARN_NON_LITERAL_NULL_CONVERSION = YES;
				CLANG_WARN_OBJC_LITERAL_CONVERSION = YES;
				CLANG_WARN_OBJC_ROOT_CLASS = YES_ERROR;
				CLANG_WARN_RANGE_LOOP_ANALYSIS = YES;
				CLANG_WARN_STRICT_PROTOTYPES = YES;
				CLANG_WARN_SUSPICIOUS_MOVE = YES;
				CLANG_WARN_UNREACHABLE_CODE = YES;
				CLANG_WARN__DUPLICATE_METHOD_MATCH = YES;
				"CODE_SIGN_IDENTITY[sdk=iphoneos*]" = "iPhone Developer";
				COPY_PHASE_STRIP = NO;
				DEBUG_INFORMATION_FORMAT = dwarf;
				ENABLE_STRICT_OBJC_MSGSEND = YES;
				ENABLE_TESTABILITY = YES;
				GCC_C_LANGUAGE_STANDARD = gnu99;
				GCC_DYNAMIC_NO_PIC = NO;
				GCC_NO_COMMON_BLOCKS = YES;
				GCC_OPTIMIZATION_LEVEL = 0;
				GCC_PREPROCESSOR_DEFINITIONS = (
					"DEBUG=1",
					"$(inherited)",
				);
				GCC_WARN_64_TO_32_BIT_CONVERSION = YES;
				GCC_WARN_ABOUT_RETURN_TYPE = YES_ERROR;
				GCC_WARN_UNDECLARED_SELECTOR = YES;
				GCC_WARN_UNINITIALIZED_AUTOS = YES_AGGRESSIVE;
				GCC_WARN_UNUSED_FUNCTION = YES;
				GCC_WARN_UNUSED_VARIABLE = YES;
				IPHONEOS_DEPLOYMENT_TARGET = 10.3;
				MTL_ENABLE_DEBUG_INFO = YES;
				ONLY_ACTIVE_ARCH = YES;
				SDKROOT = iphoneos;
				SWIFT_ACTIVE_COMPILATION_CONDITIONS = DEBUG;
				SWIFT_OPTIMIZATION_LEVEL = "-Onone";
				TARGETED_DEVICE_FAMILY = "1,2";
			};
			name = Debug;
		};
		36E48DBB1F49D2DC0085A097 /* Release */ = {
			isa = XCBuildConfiguration;
			buildSettings = {
				ALWAYS_SEARCH_USER_PATHS = NO;
				CLANG_ANALYZER_NONNULL = YES;
				CLANG_ANALYZER_NUMBER_OBJECT_CONVERSION = YES_AGGRESSIVE;
				CLANG_CXX_LANGUAGE_STANDARD = "gnu++0x";
				CLANG_CXX_LIBRARY = "libc++";
				CLANG_ENABLE_MODULES = YES;
				CLANG_ENABLE_OBJC_ARC = YES;
				CLANG_WARN_BLOCK_CAPTURE_AUTORELEASING = YES;
				CLANG_WARN_BOOL_CONVERSION = YES;
				CLANG_WARN_COMMA = YES;
				CLANG_WARN_CONSTANT_CONVERSION = YES;
				CLANG_WARN_DIRECT_OBJC_ISA_USAGE = YES_ERROR;
				CLANG_WARN_DOCUMENTATION_COMMENTS = YES;
				CLANG_WARN_EMPTY_BODY = YES;
				CLANG_WARN_ENUM_CONVERSION = YES;
				CLANG_WARN_INFINITE_RECURSION = YES;
				CLANG_WARN_INT_CONVERSION = YES;
				CLANG_WARN_NON_LITERAL_NULL_CONVERSION = YES;
				CLANG_WARN_OBJC_LITERAL_CONVERSION = YES;
				CLANG_WARN_OBJC_ROOT_CLASS = YES_ERROR;
				CLANG_WARN_RANGE_LOOP_ANALYSIS = YES;
				CLANG_WARN_STRICT_PROTOTYPES = YES;
				CLANG_WARN_SUSPICIOUS_MOVE = YES;
				CLANG_WARN_UNREACHABLE_CODE = YES;
				CLANG_WARN__DUPLICATE_METHOD_MATCH = YES;
				"CODE_SIGN_IDENTITY[sdk=iphoneos*]" = "iPhone Developer";
				COPY_PHASE_STRIP = NO;
				DEBUG_INFORMATION_FORMAT = "dwarf-with-dsym";
				ENABLE_NS_ASSERTIONS = NO;
				ENABLE_STRICT_OBJC_MSGSEND = YES;
				GCC_C_LANGUAGE_STANDARD = gnu99;
				GCC_NO_COMMON_BLOCKS = YES;
				GCC_WARN_64_TO_32_BIT_CONVERSION = YES;
				GCC_WARN_ABOUT_RETURN_TYPE = YES_ERROR;
				GCC_WARN_UNDECLARED_SELECTOR = YES;
				GCC_WARN_UNINITIALIZED_AUTOS = YES_AGGRESSIVE;
				GCC_WARN_UNUSED_FUNCTION = YES;
				GCC_WARN_UNUSED_VARIABLE = YES;
				IPHONEOS_DEPLOYMENT_TARGET = 10.3;
				MTL_ENABLE_DEBUG_INFO = NO;
				SDKROOT = iphoneos;
				SWIFT_OPTIMIZATION_LEVEL = "-Owholemodule";
				TARGETED_DEVICE_FAMILY = "1,2";
				VALIDATE_PRODUCT = YES;
			};
			name = Release;
		};
		36E48DBD1F49D2DC0085A097 /* Debug */ = {
			isa = XCBuildConfiguration;
			baseConfigurationReference = 053ABE32AC7E87B1E922A5B0 /* Pods-Pharmacy.debug.xcconfig */;
			buildSettings = {
				ASSETCATALOG_COMPILER_APPICON_NAME = AppIcon;
				DEVELOPMENT_TEAM = VGQU7EVXZV;
				INFOPLIST_FILE = "$(SRCROOT)/Pharmacy/Supporting Files/Info.plist";
				IPHONEOS_DEPLOYMENT_TARGET = 10.3;
				LD_RUNPATH_SEARCH_PATHS = "$(inherited) @executable_path/Frameworks";
				PRODUCT_BUNDLE_IDENTIFIER = anhtuan.Pharmacy;
				PRODUCT_NAME = "$(TARGET_NAME)";
				SWIFT_SWIFT3_OBJC_INFERENCE = On;
				SWIFT_VERSION = 3.0;
			};
			name = Debug;
		};
		36E48DBE1F49D2DC0085A097 /* Release */ = {
			isa = XCBuildConfiguration;
			baseConfigurationReference = 1E7969091787900FA307D817 /* Pods-Pharmacy.release.xcconfig */;
			buildSettings = {
				ASSETCATALOG_COMPILER_APPICON_NAME = AppIcon;
				DEVELOPMENT_TEAM = VGQU7EVXZV;
				INFOPLIST_FILE = "$(SRCROOT)/Pharmacy/Supporting Files/Info.plist";
				IPHONEOS_DEPLOYMENT_TARGET = 10.3;
				LD_RUNPATH_SEARCH_PATHS = "$(inherited) @executable_path/Frameworks";
				PRODUCT_BUNDLE_IDENTIFIER = anhtuan.Pharmacy;
				PRODUCT_NAME = "$(TARGET_NAME)";
				SWIFT_SWIFT3_OBJC_INFERENCE = On;
				SWIFT_VERSION = 3.0;
			};
			name = Release;
		};
/* End XCBuildConfiguration section */

/* Begin XCConfigurationList section */
		36E48DA51F49D2DC0085A097 /* Build configuration list for PBXProject "Pharmacy" */ = {
			isa = XCConfigurationList;
			buildConfigurations = (
				36E48DBA1F49D2DC0085A097 /* Debug */,
				36E48DBB1F49D2DC0085A097 /* Release */,
			);
			defaultConfigurationIsVisible = 0;
			defaultConfigurationName = Release;
		};
		36E48DBC1F49D2DC0085A097 /* Build configuration list for PBXNativeTarget "Pharmacy" */ = {
			isa = XCConfigurationList;
			buildConfigurations = (
				36E48DBD1F49D2DC0085A097 /* Debug */,
				36E48DBE1F49D2DC0085A097 /* Release */,
			);
			defaultConfigurationIsVisible = 0;
			defaultConfigurationName = Release;
		};
/* End XCConfigurationList section */
	};
	rootObject = 36E48DA21F49D2DC0085A097 /* Project object */;
}
